// !$*UTF8*$!
{
	archiveVersion = 1;
	classes = {
	};
	objectVersion = 53;
	objects = {

/* Begin PBXAggregateTarget section */
		4F78DAF113B643600032E0F3 /* All */ = {
			isa = PBXAggregateTarget;
			buildConfigurationList = 4F78DAFD13B643940032E0F3 /* Build configuration list for PBXAggregateTarget "All" */;
			buildPhases = (
			);
			dependencies = (
				4F78DAF613B6436B0032E0F3 /* PBXTargetDependency */,
				4F78DAF813B6436B0032E0F3 /* PBXTargetDependency */,
			);
			name = All;
			productName = "AllOSX_32&64_intel";
		};
/* End PBXAggregateTarget section */

/* Begin PBXBuildFile section */
		4F20EECB132C69FE0030E34C /* LedViewer.cpp in Sources */ = {isa = PBXBuildFile; fileRef = 52FBBED00D0CF139001C8B8A /* LedViewer.cpp */; };
		4F20EF2D132C69FE0030E34C /* Cocoa.framework in Frameworks */ = {isa = PBXBuildFile; fileRef = 1058C7ADFEA557BF11CA2CBB /* Cocoa.framework */; };
		4F20EF2E132C69FE0030E34C /* Carbon.framework in Frameworks */ = {isa = PBXBuildFile; fileRef = 52C4DB180D0E51270007A920 /* Carbon.framework */; };
		4F23B9F313B647A00097A67E /* knob.png in Resources */ = {isa = PBXBuildFile; fileRef = 4F23B9E413B647A00097A67E /* knob.png */; };
		4F23B9FD13B647A00097A67E /* knob.png in Resources */ = {isa = PBXBuildFile; fileRef = 4F23B9E413B647A00097A67E /* knob.png */; };
		4F3EE94613B65A350097B791 /* IPlugOSDetect.h in Headers */ = {isa = PBXBuildFile; fileRef = 4F3EE94513B65A350097B791 /* IPlugOSDetect.h */; };
		4F78D70B13B637340032E0F3 /* CoreFoundation.framework in Frameworks */ = {isa = PBXBuildFile; fileRef = 4F78D62313B637200032E0F3 /* CoreFoundation.framework */; };
		4F78D7D013B637790032E0F3 /* CoreMIDI.framework in Frameworks */ = {isa = PBXBuildFile; fileRef = 4F78D7CF13B637790032E0F3 /* CoreMIDI.framework */; };
		4F78D86E13B637A20032E0F3 /* CoreData.framework in Frameworks */ = {isa = PBXBuildFile; fileRef = D2F7E65807B2D6F200F64583 /* CoreData.framework */; };
		4F78D87013B637A20032E0F3 /* CoreAudio.framework in Frameworks */ = {isa = PBXBuildFile; fileRef = 52E41CB90D14C2A900A0943B /* CoreAudio.framework */; };
		4F78D87113B637A20032E0F3 /* Cocoa.framework in Frameworks */ = {isa = PBXBuildFile; fileRef = 1058C7ADFEA557BF11CA2CBB /* Cocoa.framework */; };
		4F78D87513B637E50032E0F3 /* Carbon.framework in Frameworks */ = {isa = PBXBuildFile; fileRef = 52C4DB180D0E51270007A920 /* Carbon.framework */; };
		4F78D88613B6382B0032E0F3 /* LedViewer.icns in Resources */ = {isa = PBXBuildFile; fileRef = 4FD290A8137C34D700CEBE7E /* LedViewer.icns */; };
		4F78D8C413B63A700032E0F3 /* RtAudio.cpp in Sources */ = {isa = PBXBuildFile; fileRef = 4F78D8BF13B63A700032E0F3 /* RtAudio.cpp */; };
		4F78D8C513B63A700032E0F3 /* RtMidi.cpp in Sources */ = {isa = PBXBuildFile; fileRef = 4F78D8C213B63A700032E0F3 /* RtMidi.cpp */; };
		4F78D90A13B63BA50032E0F3 /* IPlugStandalone.cpp in Sources */ = {isa = PBXBuildFile; fileRef = 4F78D8EB13B63BA40032E0F3 /* IPlugStandalone.cpp */; };
		4F78D90B13B63BA50032E0F3 /* IPlugBase.cpp in Sources */ = {isa = PBXBuildFile; fileRef = 4F78D8ED13B63BA40032E0F3 /* IPlugBase.cpp */; };
		4F78D90C13B63BA50032E0F3 /* IPlugStructs.cpp in Sources */ = {isa = PBXBuildFile; fileRef = 4F78D8EF13B63BA50032E0F3 /* IPlugStructs.cpp */; };
		4F78D90D13B63BA50032E0F3 /* Hosts.cpp in Sources */ = {isa = PBXBuildFile; fileRef = 4F78D8F313B63BA50032E0F3 /* Hosts.cpp */; };
		4F78D90F13B63BA50032E0F3 /* IGraphicsMac.mm in Sources */ = {isa = PBXBuildFile; fileRef = 4F78D8F513B63BA50032E0F3 /* IGraphicsMac.mm */; };
		4F78D91013B63BA50032E0F3 /* IGraphics.cpp in Sources */ = {isa = PBXBuildFile; fileRef = 4F78D8F613B63BA50032E0F3 /* IGraphics.cpp */; };
		4F78D91113B63BA50032E0F3 /* IGraphicsCarbon.cpp in Sources */ = {isa = PBXBuildFile; fileRef = 4F78D8F713B63BA50032E0F3 /* IGraphicsCarbon.cpp */; };
		4F78D91213B63BA50032E0F3 /* IGraphicsCocoa.mm in Sources */ = {isa = PBXBuildFile; fileRef = 4F78D8F813B63BA50032E0F3 /* IGraphicsCocoa.mm */; };
		4F78D91313B63BA50032E0F3 /* Log.cpp in Sources */ = {isa = PBXBuildFile; fileRef = 4F78D8FB13B63BA50032E0F3 /* Log.cpp */; };
		4F78D91413B63BA50032E0F3 /* IPopupMenu.cpp in Sources */ = {isa = PBXBuildFile; fileRef = 4F78D8FD13B63BA50032E0F3 /* IPopupMenu.cpp */; };
		4F78D91813B63BA50032E0F3 /* IParam.cpp in Sources */ = {isa = PBXBuildFile; fileRef = 4F78D90413B63BA50032E0F3 /* IParam.cpp */; };
		4F78D91913B63BA50032E0F3 /* IControl.cpp in Sources */ = {isa = PBXBuildFile; fileRef = 4F78D90913B63BA50032E0F3 /* IControl.cpp */; };
		4F78D9BB13B63BA50032E0F3 /* IPlugBase.cpp in Sources */ = {isa = PBXBuildFile; fileRef = 4F78D8ED13B63BA40032E0F3 /* IPlugBase.cpp */; };
		4F78D9BC13B63BA50032E0F3 /* IPlugStructs.cpp in Sources */ = {isa = PBXBuildFile; fileRef = 4F78D8EF13B63BA50032E0F3 /* IPlugStructs.cpp */; };
		4F78D9BD13B63BA50032E0F3 /* Hosts.cpp in Sources */ = {isa = PBXBuildFile; fileRef = 4F78D8F313B63BA50032E0F3 /* Hosts.cpp */; };
		4F78D9BF13B63BA50032E0F3 /* IGraphicsMac.mm in Sources */ = {isa = PBXBuildFile; fileRef = 4F78D8F513B63BA50032E0F3 /* IGraphicsMac.mm */; };
		4F78D9C013B63BA50032E0F3 /* IGraphics.cpp in Sources */ = {isa = PBXBuildFile; fileRef = 4F78D8F613B63BA50032E0F3 /* IGraphics.cpp */; };
		4F78D9C113B63BA50032E0F3 /* IGraphicsCarbon.cpp in Sources */ = {isa = PBXBuildFile; fileRef = 4F78D8F713B63BA50032E0F3 /* IGraphicsCarbon.cpp */; };
		4F78D9C213B63BA50032E0F3 /* IGraphicsCocoa.mm in Sources */ = {isa = PBXBuildFile; fileRef = 4F78D8F813B63BA50032E0F3 /* IGraphicsCocoa.mm */; };
		4F78D9C313B63BA50032E0F3 /* Log.cpp in Sources */ = {isa = PBXBuildFile; fileRef = 4F78D8FB13B63BA50032E0F3 /* Log.cpp */; };
		4F78D9C413B63BA50032E0F3 /* IPopupMenu.cpp in Sources */ = {isa = PBXBuildFile; fileRef = 4F78D8FD13B63BA50032E0F3 /* IPopupMenu.cpp */; };
		4F78D9C813B63BA50032E0F3 /* IParam.cpp in Sources */ = {isa = PBXBuildFile; fileRef = 4F78D90413B63BA50032E0F3 /* IParam.cpp */; };
		4F78D9C913B63BA50032E0F3 /* IControl.cpp in Sources */ = {isa = PBXBuildFile; fileRef = 4F78D90913B63BA50032E0F3 /* IControl.cpp */; };
		4F78D9F313B63C6A0032E0F3 /* IPlugVST.cpp in Sources */ = {isa = PBXBuildFile; fileRef = 4F78D9EC13B63C6A0032E0F3 /* IPlugVST.cpp */; };
		4F78DA5A13B63F150032E0F3 /* LedViewer.cpp in Sources */ = {isa = PBXBuildFile; fileRef = 52FBBED00D0CF139001C8B8A /* LedViewer.cpp */; };
		4F78DA7713B640050032E0F3 /* resource.h in Headers */ = {isa = PBXBuildFile; fileRef = 52FBBED30D0CF143001C8B8A /* resource.h */; };
		4F78DA7813B640050032E0F3 /* LedViewer.h in Headers */ = {isa = PBXBuildFile; fileRef = 52FBBED20D0CF13D001C8B8A /* LedViewer.h */; };
		4F78DA8A13B640050032E0F3 /* mutex.h in Headers */ = {isa = PBXBuildFile; fileRef = 4FF016F4134E14E2001447BA /* mutex.h */; };
		4F78DA8B13B640050032E0F3 /* ptrlist.h in Headers */ = {isa = PBXBuildFile; fileRef = 4FF016F5134E14E2001447BA /* ptrlist.h */; };
		4F78DA8C13B640050032E0F3 /* wdlstring.h in Headers */ = {isa = PBXBuildFile; fileRef = 4FF016F6134E14E2001447BA /* wdlstring.h */; };
		4F78DA8D13B640050032E0F3 /* heapbuf.h in Headers */ = {isa = PBXBuildFile; fileRef = 4FF01719134E153A001447BA /* heapbuf.h */; };
		4F78DA8E13B640050032E0F3 /* wdlendian.h in Headers */ = {isa = PBXBuildFile; fileRef = 4F1F1BE9135B1F60003A5BB2 /* wdlendian.h */; };
		4F78DA8F13B640050032E0F3 /* swell.h in Headers */ = {isa = PBXBuildFile; fileRef = 4FD16D1713B634E5001D0217 /* swell.h */; };
		4F78DA9013B640050032E0F3 /* swell-functions.h in Headers */ = {isa = PBXBuildFile; fileRef = 4FD16D2213B6351C001D0217 /* swell-functions.h */; };
		4F78DA9113B640050032E0F3 /* swell-internal.h in Headers */ = {isa = PBXBuildFile; fileRef = 4FD16D2B13B6353C001D0217 /* swell-internal.h */; };
		4F78DA9213B640050032E0F3 /* swell-types.h in Headers */ = {isa = PBXBuildFile; fileRef = 4FD16D3013B6355A001D0217 /* swell-types.h */; };
		4F78DA9313B640050032E0F3 /* aeffect.h in Headers */ = {isa = PBXBuildFile; fileRef = 4F78D8D213B63B5D0032E0F3 /* aeffect.h */; };
		4F78DA9413B640050032E0F3 /* aeffectx.h in Headers */ = {isa = PBXBuildFile; fileRef = 4F78D8D313B63B5D0032E0F3 /* aeffectx.h */; };
		4F78DA9513B640050032E0F3 /* IPlug_include_in_plug_hdr.h in Headers */ = {isa = PBXBuildFile; fileRef = 4F78D8E613B63BA40032E0F3 /* IPlug_include_in_plug_hdr.h */; };
		4F78DA9613B640050032E0F3 /* IPlug_include_in_plug_src.h in Headers */ = {isa = PBXBuildFile; fileRef = 4F78D8E813B63BA40032E0F3 /* IPlug_include_in_plug_src.h */; };
		4F78DA9713B640050032E0F3 /* IControl.h in Headers */ = {isa = PBXBuildFile; fileRef = 4F78D8E913B63BA40032E0F3 /* IControl.h */; };
		4F78DA9813B640050032E0F3 /* IKeyboardControl.h in Headers */ = {isa = PBXBuildFile; fileRef = 4F78D8EA13B63BA40032E0F3 /* IKeyboardControl.h */; };
		4F78DA9913B640050032E0F3 /* IPlugBase.h in Headers */ = {isa = PBXBuildFile; fileRef = 4F78D8EC13B63BA40032E0F3 /* IPlugBase.h */; };
		4F78DA9A13B640050032E0F3 /* IGraphicsMac.h in Headers */ = {isa = PBXBuildFile; fileRef = 4F78D8EE13B63BA50032E0F3 /* IGraphicsMac.h */; };
		4F78DA9C13B640050032E0F3 /* Containers.h in Headers */ = {isa = PBXBuildFile; fileRef = 4F78D8F113B63BA50032E0F3 /* Containers.h */; };
		4F78DA9D13B640050032E0F3 /* Hosts.h in Headers */ = {isa = PBXBuildFile; fileRef = 4F78D8F213B63BA50032E0F3 /* Hosts.h */; };
		4F78DA9E13B640050032E0F3 /* IGraphicsCocoa.h in Headers */ = {isa = PBXBuildFile; fileRef = 4F78D8F913B63BA50032E0F3 /* IGraphicsCocoa.h */; };
		4F78DA9F13B640050032E0F3 /* Log.h in Headers */ = {isa = PBXBuildFile; fileRef = 4F78D8FA13B63BA50032E0F3 /* Log.h */; };
		4F78DAA013B640050032E0F3 /* IPopupMenu.h in Headers */ = {isa = PBXBuildFile; fileRef = 4F78D8FC13B63BA50032E0F3 /* IPopupMenu.h */; };
		4F78DAA113B640050032E0F3 /* IPlugStructs.h in Headers */ = {isa = PBXBuildFile; fileRef = 4F78D8FE13B63BA50032E0F3 /* IPlugStructs.h */; };
		4F78DAA213B640050032E0F3 /* IPlug_Prefix.pch in Headers */ = {isa = PBXBuildFile; fileRef = 4F78D90213B63BA50032E0F3 /* IPlug_Prefix.pch */; };
		4F78DAA313B640050032E0F3 /* IParam.h in Headers */ = {isa = PBXBuildFile; fileRef = 4F78D90313B63BA50032E0F3 /* IParam.h */; };
		4F78DAA413B640050032E0F3 /* IMidiQueue.h in Headers */ = {isa = PBXBuildFile; fileRef = 4F78D90513B63BA50032E0F3 /* IMidiQueue.h */; };
		4F78DAA513B640050032E0F3 /* IGraphicsCarbon.h in Headers */ = {isa = PBXBuildFile; fileRef = 4F78D90713B63BA50032E0F3 /* IGraphicsCarbon.h */; };
		4F78DAA613B640050032E0F3 /* IGraphics.h in Headers */ = {isa = PBXBuildFile; fileRef = 4F78D90813B63BA50032E0F3 /* IGraphics.h */; };
		4F78DAB113B640470032E0F3 /* swell-menugen.h in Headers */ = {isa = PBXBuildFile; fileRef = 4FD16D0213B63489001D0217 /* swell-menugen.h */; };
		4F78DAB213B640470032E0F3 /* swell-dlggen.h in Headers */ = {isa = PBXBuildFile; fileRef = 4FD16D0313B63494001D0217 /* swell-dlggen.h */; };
		4F78DAB313B640470032E0F3 /* swellappmain.h in Headers */ = {isa = PBXBuildFile; fileRef = 4FD16D4513B635C8001D0217 /* swellappmain.h */; };
		4F78DAB813B640530032E0F3 /* RtAudio.h in Headers */ = {isa = PBXBuildFile; fileRef = 4F78D8C013B63A700032E0F3 /* RtAudio.h */; };
		4F78DAB913B640530032E0F3 /* RtError.h in Headers */ = {isa = PBXBuildFile; fileRef = 4F78D8C113B63A700032E0F3 /* RtError.h */; };
		4F78DABA13B640530032E0F3 /* RtMidi.h in Headers */ = {isa = PBXBuildFile; fileRef = 4F78D8C313B63A700032E0F3 /* RtMidi.h */; };
		4F78DABB13B640620032E0F3 /* IPlugStandalone.h in Headers */ = {isa = PBXBuildFile; fileRef = 4F78D9EA13B63BE90032E0F3 /* IPlugStandalone.h */; };
		4F8D4BCD13E97671004F7633 /* lice.a in Frameworks */ = {isa = PBXBuildFile; fileRef = 4F8D4BCC13E97664004F7633 /* lice.a */; };
		4F8D4C2F13E97806004F7633 /* lice.a in Frameworks */ = {isa = PBXBuildFile; fileRef = 4F8D4BCC13E97664004F7633 /* lice.a */; };
		4FB3624F13B648FE00DB6B76 /* main.mm in Sources */ = {isa = PBXBuildFile; fileRef = 4FB3624E13B648FE00DB6B76 /* main.mm */; };
		4FD16CA213B6327D001D0217 /* app_main.cpp in Sources */ = {isa = PBXBuildFile; fileRef = 4FD16CA013B6327C001D0217 /* app_main.cpp */; };
		4FD16CA313B6327D001D0217 /* app_dialog.cpp in Sources */ = {isa = PBXBuildFile; fileRef = 4FD16CA113B6327C001D0217 /* app_dialog.cpp */; };
		4FD16CFC13B63468001D0217 /* swell-appstub.mm in Sources */ = {isa = PBXBuildFile; fileRef = 4FD16CFB13B63468001D0217 /* swell-appstub.mm */; };
		4FD16D0513B634AA001D0217 /* swell-dlg.mm in Sources */ = {isa = PBXBuildFile; fileRef = 4FD16D0413B634AA001D0217 /* swell-dlg.mm */; };
		4FD16D0C13B634BF001D0217 /* swell-gdi.mm in Sources */ = {isa = PBXBuildFile; fileRef = 4FD16D0B13B634BF001D0217 /* swell-gdi.mm */; };
		4FD16D1213B634BF001D0217 /* swell-gdi.mm in Sources */ = {isa = PBXBuildFile; fileRef = 4FD16D0B13B634BF001D0217 /* swell-gdi.mm */; };
		4FD16D1613B634D2001D0217 /* swell-ini.cpp in Sources */ = {isa = PBXBuildFile; fileRef = 4FD16D1513B634D2001D0217 /* swell-ini.cpp */; };
		4FD16D3A13B63582001D0217 /* swell-kb.mm in Sources */ = {isa = PBXBuildFile; fileRef = 4FD16D3913B63582001D0217 /* swell-kb.mm */; };
		4FD16D3C13B6358C001D0217 /* swell-miscdlg.mm in Sources */ = {isa = PBXBuildFile; fileRef = 4FD16D3B13B6358C001D0217 /* swell-miscdlg.mm */; };
		4FD16D3E13B63595001D0217 /* swell-menu.mm in Sources */ = {isa = PBXBuildFile; fileRef = 4FD16D3D13B63595001D0217 /* swell-menu.mm */; };
		4FD16D4013B635A0001D0217 /* swell-misc.mm in Sources */ = {isa = PBXBuildFile; fileRef = 4FD16D3F13B635A0001D0217 /* swell-misc.mm */; };
		4FD16D4213B635AB001D0217 /* swell-wnd.mm in Sources */ = {isa = PBXBuildFile; fileRef = 4FD16D4113B635AB001D0217 /* swell-wnd.mm */; };
		4FD16D4413B635B2001D0217 /* swell.cpp in Sources */ = {isa = PBXBuildFile; fileRef = 4FD16D4313B635B2001D0217 /* swell.cpp */; };
		4FD16D4713B635C8001D0217 /* swellappmain.mm in Sources */ = {isa = PBXBuildFile; fileRef = 4FD16D4613B635C8001D0217 /* swellappmain.mm */; };
		4FDA440C13F3E4F2000B4551 /* IBitmapMonoText.cpp in Sources */ = {isa = PBXBuildFile; fileRef = 4FDA440513F3E4F2000B4551 /* IBitmapMonoText.cpp */; };
		4FDA440E13F3E4F2000B4551 /* IBitmapMonoText.cpp in Sources */ = {isa = PBXBuildFile; fileRef = 4FDA440513F3E4F2000B4551 /* IBitmapMonoText.cpp */; };
		4FDA440F13F3E4F2000B4551 /* IBitmapMonoText.h in Headers */ = {isa = PBXBuildFile; fileRef = 4FDA440613F3E4F2000B4551 /* IBitmapMonoText.h */; };
		C51AAFB12A78200D0031E35C /* LedConf.cpp in Sources */ = {isa = PBXBuildFile; fileRef = C51AAFAD2A781F430031E35C /* LedConf.cpp */; };
		C51AAFBC2A7823530031E35C /* LedConf.cpp in Sources */ = {isa = PBXBuildFile; fileRef = C51AAFAD2A781F430031E35C /* LedConf.cpp */; };
/* End PBXBuildFile section */

/* Begin PBXContainerItemProxy section */
		4F4AD1F51409A56A0068A6D4 /* PBXContainerItemProxy */ = {
			isa = PBXContainerItemProxy;
			containerPortal = 4F4AD1F11409A56A0068A6D4 /* base.xcodeproj */;
			proxyType = 2;
			remoteGlobalIDString = D2AAC046055464E500DB518D;
			remoteInfo = base;
		};
		4F678B6C13E984B200A6A9BB /* PBXContainerItemProxy */ = {
			isa = PBXContainerItemProxy;
			containerPortal = 4F8D4BC413E97664004F7633 /* lice.xcodeproj */;
			proxyType = 1;
			remoteGlobalIDString = D2AAC045055464E500DB518D;
			remoteInfo = "lice_32&64_intel";
		};
		4F78DAF513B6436B0032E0F3 /* PBXContainerItemProxy */ = {
			isa = PBXContainerItemProxy;
			containerPortal = 089C1669FE841209C02AAC07 /* Project object */;
			proxyType = 1;
			remoteGlobalIDString = 4FD16A0813B63081001D0217;
			remoteInfo = "OSXAPP_32&64_intel";
		};
		4F78DAF713B6436B0032E0F3 /* PBXContainerItemProxy */ = {
			isa = PBXContainerItemProxy;
			containerPortal = 089C1669FE841209C02AAC07 /* Project object */;
			proxyType = 1;
			remoteGlobalIDString = 4F20EEC8132C69FE0030E34C;
			remoteInfo = "VST_32&64_intel";
		};
		4F87DADD1F65C45E00745478 /* PBXContainerItemProxy */ = {
			isa = PBXContainerItemProxy;
			containerPortal = 4FF7B0F3156A831000E6CB12 /* AAXLibrary.xcodeproj */;
			proxyType = 2;
			remoteGlobalIDString = 842A79751A6098F400EC60F5;
			remoteInfo = AAXLibrary_libcpp;
		};
		4F8B6722158B4EB2002FC25B /* PBXContainerItemProxy */ = {
			isa = PBXContainerItemProxy;
			containerPortal = 4FF7B0F3156A831000E6CB12 /* AAXLibrary.xcodeproj */;
			proxyType = 2;
			remoteGlobalIDString = D2AAC046055464E500DB518D;
			remoteInfo = AAXLibrary;
		};
		4F8B674E158B4F53002FC25B /* PBXContainerItemProxy */ = {
			isa = PBXContainerItemProxy;
			containerPortal = 4F8B6747158B4F53002FC25B /* PluginLibrary.xcodeproj */;
			proxyType = 2;
			remoteGlobalIDString = B65B09B30860FB0800FE2E6A;
			remoteInfo = "Plugin Library";
		};
		4F8D4BCB13E97664004F7633 /* PBXContainerItemProxy */ = {
			isa = PBXContainerItemProxy;
			containerPortal = 4F8D4BC413E97664004F7633 /* lice.xcodeproj */;
			proxyType = 2;
			remoteGlobalIDString = D2AAC046055464E500DB518D;
			remoteInfo = lice;
		};
		4F8D4C1613E976A7004F7633 /* PBXContainerItemProxy */ = {
			isa = PBXContainerItemProxy;
			containerPortal = 4F8D4BC413E97664004F7633 /* lice.xcodeproj */;
			proxyType = 2;
			remoteGlobalIDString = 4F8D4C1413E976A7004F7633;
			remoteInfo = "lice copy";
		};
		4F8D4C2C13E977CD004F7633 /* PBXContainerItemProxy */ = {
			isa = PBXContainerItemProxy;
			containerPortal = 4F8D4BC413E97664004F7633 /* lice.xcodeproj */;
			proxyType = 1;
			remoteGlobalIDString = D2AAC045055464E500DB518D;
			remoteInfo = "lice_32&64_intel";
		};
		4FA708BE158B47F000BFC572 /* PBXContainerItemProxy */ = {
			isa = PBXContainerItemProxy;
			containerPortal = 4F4AD1F11409A56A0068A6D4 /* base.xcodeproj */;
			proxyType = 2;
			remoteGlobalIDString = 4FA708BC158B47D200BFC572;
			remoteInfo = base_32;
		};
/* End PBXContainerItemProxy section */

/* Begin PBXFileReference section */
		089C1672FE841209C02AAC07 /* Foundation.framework */ = {isa = PBXFileReference; lastKnownFileType = wrapper.framework; name = Foundation.framework; path = /System/Library/Frameworks/Foundation.framework; sourceTree = "<absolute>"; };
		089C167FFE841241C02AAC07 /* AppKit.framework */ = {isa = PBXFileReference; lastKnownFileType = wrapper.framework; name = AppKit.framework; path = /System/Library/Frameworks/AppKit.framework; sourceTree = "<absolute>"; };
		1058C7ADFEA557BF11CA2CBB /* Cocoa.framework */ = {isa = PBXFileReference; lastKnownFileType = wrapper.framework; name = Cocoa.framework; path = /System/Library/Frameworks/Cocoa.framework; sourceTree = "<absolute>"; };
		4F1F1BE9135B1F60003A5BB2 /* wdlendian.h */ = {isa = PBXFileReference; fileEncoding = 4; lastKnownFileType = sourcecode.c.h; name = wdlendian.h; path = ../../WDL/wdlendian.h; sourceTree = SOURCE_ROOT; };
		4F20EF33132C69FE0030E34C /* LedViewer.vst */ = {isa = PBXFileReference; explicitFileType = wrapper.cfbundle; includeInIndex = 0; path = LedViewer.vst; sourceTree = BUILT_PRODUCTS_DIR; };
		4F23B9E413B647A00097A67E /* knob.png */ = {isa = PBXFileReference; lastKnownFileType = image.png; name = knob.png; path = resources/img/knob.png; sourceTree = "<group>"; };
		4F23BA1313B647E50097A67E /* LedViewer-AU-Info.plist */ = {isa = PBXFileReference; fileEncoding = 4; lastKnownFileType = text.plist.xml; name = "LedViewer-AU-Info.plist"; path = "resources/LedViewer-AU-Info.plist"; sourceTree = "<group>"; };
		4F23BA1413B647E50097A67E /* LedViewer-OSXAPP-Info.plist */ = {isa = PBXFileReference; fileEncoding = 4; lastKnownFileType = text.plist.xml; name = "LedViewer-OSXAPP-Info.plist"; path = "resources/LedViewer-OSXAPP-Info.plist"; sourceTree = "<group>"; };
		4F23BA1513B647E50097A67E /* LedViewer-VST2-Info.plist */ = {isa = PBXFileReference; fileEncoding = 4; lastKnownFileType = text.plist.xml; name = "LedViewer-VST2-Info.plist"; path = "resources/LedViewer-VST2-Info.plist"; sourceTree = "<group>"; };
		4F3B42B92063212D00DBDACA /* vstaudioeffect.cpp */ = {isa = PBXFileReference; fileEncoding = 4; lastKnownFileType = sourcecode.cpp.cpp; name = vstaudioeffect.cpp; path = ../../VST3_SDK/public.sdk/source/vst/vstaudioeffect.cpp; sourceTree = "<group>"; };
		4F3B42BA2063212D00DBDACA /* vstbus.cpp */ = {isa = PBXFileReference; fileEncoding = 4; lastKnownFileType = sourcecode.cpp.cpp; name = vstbus.cpp; path = ../../VST3_SDK/public.sdk/source/vst/vstbus.cpp; sourceTree = "<group>"; };
		4F3B42BB2063212D00DBDACA /* vstsinglecomponenteffect.h */ = {isa = PBXFileReference; fileEncoding = 4; lastKnownFileType = sourcecode.c.h; name = vstsinglecomponenteffect.h; path = ../../VST3_SDK/public.sdk/source/vst/vstsinglecomponenteffect.h; sourceTree = "<group>"; };
		4F3B42BC2063212D00DBDACA /* vstspeakerarray.h */ = {isa = PBXFileReference; fileEncoding = 4; lastKnownFileType = sourcecode.c.h; name = vstspeakerarray.h; path = ../../VST3_SDK/public.sdk/source/vst/vstspeakerarray.h; sourceTree = "<group>"; };
		4F3B42BD2063212D00DBDACA /* vstcomponent.h */ = {isa = PBXFileReference; fileEncoding = 4; lastKnownFileType = sourcecode.c.h; name = vstcomponent.h; path = ../../VST3_SDK/public.sdk/source/vst/vstcomponent.h; sourceTree = "<group>"; };
		4F3B42BE2063212D00DBDACA /* vstcomponent.cpp */ = {isa = PBXFileReference; fileEncoding = 4; lastKnownFileType = sourcecode.cpp.cpp; name = vstcomponent.cpp; path = ../../VST3_SDK/public.sdk/source/vst/vstcomponent.cpp; sourceTree = "<group>"; };
		4F3B42BF2063212D00DBDACA /* vstcomponentbase.h */ = {isa = PBXFileReference; fileEncoding = 4; lastKnownFileType = sourcecode.c.h; name = vstcomponentbase.h; path = ../../VST3_SDK/public.sdk/source/vst/vstcomponentbase.h; sourceTree = "<group>"; };
		4F3B42C02063212D00DBDACA /* vstsinglecomponenteffect.cpp */ = {isa = PBXFileReference; fileEncoding = 4; lastKnownFileType = sourcecode.cpp.cpp; name = vstsinglecomponenteffect.cpp; path = ../../VST3_SDK/public.sdk/source/vst/vstsinglecomponenteffect.cpp; sourceTree = "<group>"; };
		4F3B42C12063212D00DBDACA /* vstaudioeffect.h */ = {isa = PBXFileReference; fileEncoding = 4; lastKnownFileType = sourcecode.c.h; name = vstaudioeffect.h; path = ../../VST3_SDK/public.sdk/source/vst/vstaudioeffect.h; sourceTree = "<group>"; };
		4F3B42C22063212E00DBDACA /* vstbypassprocessor.h */ = {isa = PBXFileReference; fileEncoding = 4; lastKnownFileType = sourcecode.c.h; name = vstbypassprocessor.h; path = ../../VST3_SDK/public.sdk/source/vst/vstbypassprocessor.h; sourceTree = "<group>"; };
		4F3B42C32063212E00DBDACA /* vstparameters.h */ = {isa = PBXFileReference; fileEncoding = 4; lastKnownFileType = sourcecode.c.h; name = vstparameters.h; path = ../../VST3_SDK/public.sdk/source/vst/vstparameters.h; sourceTree = "<group>"; };
		4F3B42C42063212E00DBDACA /* vstcomponentbase.cpp */ = {isa = PBXFileReference; fileEncoding = 4; lastKnownFileType = sourcecode.cpp.cpp; name = vstcomponentbase.cpp; path = ../../VST3_SDK/public.sdk/source/vst/vstcomponentbase.cpp; sourceTree = "<group>"; };
		4F3B42C52063212E00DBDACA /* vstparameters.cpp */ = {isa = PBXFileReference; fileEncoding = 4; lastKnownFileType = sourcecode.cpp.cpp; name = vstparameters.cpp; path = ../../VST3_SDK/public.sdk/source/vst/vstparameters.cpp; sourceTree = "<group>"; };
		4F3B42C62063212E00DBDACA /* vstinitiids.cpp */ = {isa = PBXFileReference; fileEncoding = 4; lastKnownFileType = sourcecode.cpp.cpp; name = vstinitiids.cpp; path = ../../VST3_SDK/public.sdk/source/vst/vstinitiids.cpp; sourceTree = "<group>"; };
		4F3B42C72063212E00DBDACA /* vstrepresentation.h */ = {isa = PBXFileReference; fileEncoding = 4; lastKnownFileType = sourcecode.c.h; name = vstrepresentation.h; path = ../../VST3_SDK/public.sdk/source/vst/vstrepresentation.h; sourceTree = "<group>"; };
		4F3B42C82063212E00DBDACA /* vstaudioprocessoralgo.h */ = {isa = PBXFileReference; fileEncoding = 4; lastKnownFileType = sourcecode.c.h; name = vstaudioprocessoralgo.h; path = ../../VST3_SDK/public.sdk/source/vst/vstaudioprocessoralgo.h; sourceTree = "<group>"; };
		4F3B42C92063212E00DBDACA /* vstbus.h */ = {isa = PBXFileReference; fileEncoding = 4; lastKnownFileType = sourcecode.c.h; name = vstbus.h; path = ../../VST3_SDK/public.sdk/source/vst/vstbus.h; sourceTree = "<group>"; };
		4F3B42CA2063212E00DBDACA /* vstrepresentation.cpp */ = {isa = PBXFileReference; fileEncoding = 4; lastKnownFileType = sourcecode.cpp.cpp; name = vstrepresentation.cpp; path = ../../VST3_SDK/public.sdk/source/vst/vstrepresentation.cpp; sourceTree = "<group>"; };
		4F3B42CB2063212E00DBDACA /* vstbypassprocessor.cpp */ = {isa = PBXFileReference; fileEncoding = 4; lastKnownFileType = sourcecode.cpp.cpp; name = vstbypassprocessor.cpp; path = ../../VST3_SDK/public.sdk/source/vst/vstbypassprocessor.cpp; sourceTree = "<group>"; };
		4F3B42D52063213F00DBDACA /* pluginfactoryvst3.cpp */ = {isa = PBXFileReference; fileEncoding = 4; lastKnownFileType = sourcecode.cpp.cpp; name = pluginfactoryvst3.cpp; path = ../../VST3_SDK/public.sdk/source/main/pluginfactoryvst3.cpp; sourceTree = "<group>"; };
		4F3B42D62063213F00DBDACA /* macmain.cpp */ = {isa = PBXFileReference; fileEncoding = 4; lastKnownFileType = sourcecode.cpp.cpp; name = macmain.cpp; path = ../../VST3_SDK/public.sdk/source/main/macmain.cpp; sourceTree = "<group>"; };
		4F3B42D72063213F00DBDACA /* pluginfactoryvst3.h */ = {isa = PBXFileReference; fileEncoding = 4; lastKnownFileType = sourcecode.c.h; name = pluginfactoryvst3.h; path = ../../VST3_SDK/public.sdk/source/main/pluginfactoryvst3.h; sourceTree = "<group>"; };
		4F3B42DA2063214900DBDACA /* pluginview.h */ = {isa = PBXFileReference; fileEncoding = 4; lastKnownFileType = sourcecode.c.h; name = pluginview.h; path = ../../VST3_SDK/public.sdk/source/common/pluginview.h; sourceTree = "<group>"; };
		4F3B42DB2063214900DBDACA /* memorystream.h */ = {isa = PBXFileReference; fileEncoding = 4; lastKnownFileType = sourcecode.c.h; name = memorystream.h; path = ../../VST3_SDK/public.sdk/source/common/memorystream.h; sourceTree = "<group>"; };
		4F3B42DC2063214900DBDACA /* pluginview.cpp */ = {isa = PBXFileReference; fileEncoding = 4; lastKnownFileType = sourcecode.cpp.cpp; name = pluginview.cpp; path = ../../VST3_SDK/public.sdk/source/common/pluginview.cpp; sourceTree = "<group>"; };
		4F3B42DD2063214900DBDACA /* memorystream.cpp */ = {isa = PBXFileReference; fileEncoding = 4; lastKnownFileType = sourcecode.cpp.cpp; name = memorystream.cpp; path = ../../VST3_SDK/public.sdk/source/common/memorystream.cpp; sourceTree = "<group>"; };
		4F3E69041409746500C4D749 /* IPlugVST3.cpp */ = {isa = PBXFileReference; fileEncoding = 4; lastKnownFileType = sourcecode.cpp.cpp; name = IPlugVST3.cpp; path = ../../WDL/IPlug/IPlugVST3.cpp; sourceTree = SOURCE_ROOT; };
		4F3E69051409746500C4D749 /* IPlugVST3.h */ = {isa = PBXFileReference; fileEncoding = 4; lastKnownFileType = sourcecode.c.h; name = IPlugVST3.h; path = ../../WDL/IPlug/IPlugVST3.h; sourceTree = SOURCE_ROOT; };
		4F3E693A1409747300C4D749 /* LedViewer-VST3-Info.plist */ = {isa = PBXFileReference; lastKnownFileType = text.plist.xml; name = "LedViewer-VST3-Info.plist"; path = "resources/LedViewer-VST3-Info.plist"; sourceTree = "<group>"; };
		4F3EE94513B65A350097B791 /* IPlugOSDetect.h */ = {isa = PBXFileReference; fileEncoding = 4; lastKnownFileType = sourcecode.c.h; name = IPlugOSDetect.h; path = ../../WDL/IPlug/IPlugOSDetect.h; sourceTree = SOURCE_ROOT; };
		4F4AD1F11409A56A0068A6D4 /* base.xcodeproj */ = {isa = PBXFileReference; lastKnownFileType = "wrapper.pb-project"; name = base.xcodeproj; path = ../../VST3_SDK/base/mac/base.xcodeproj; sourceTree = SOURCE_ROOT; };
		4F4CC3811549B8A700A9EA21 /* LedViewer-AAX-Info.plist */ = {isa = PBXFileReference; fileEncoding = 4; lastKnownFileType = text.plist.xml; name = "LedViewer-AAX-Info.plist"; path = "resources/LedViewer-AAX-Info.plist"; sourceTree = "<group>"; };
		4F78D62313B637200032E0F3 /* CoreFoundation.framework */ = {isa = PBXFileReference; lastKnownFileType = wrapper.framework; name = CoreFoundation.framework; path = System/Library/Frameworks/CoreFoundation.framework; sourceTree = SDKROOT; };
		4F78D7CF13B637790032E0F3 /* CoreMIDI.framework */ = {isa = PBXFileReference; lastKnownFileType = wrapper.framework; name = CoreMIDI.framework; path = System/Library/Frameworks/CoreMIDI.framework; sourceTree = SDKROOT; };
		4F78D8BD13B63A4E0032E0F3 /* wdltypes.h */ = {isa = PBXFileReference; fileEncoding = 4; lastKnownFileType = sourcecode.c.h; name = wdltypes.h; path = ../../WDL/wdltypes.h; sourceTree = SOURCE_ROOT; };
		4F78D8BF13B63A700032E0F3 /* RtAudio.cpp */ = {isa = PBXFileReference; fileEncoding = 4; lastKnownFileType = sourcecode.cpp.cpp; path = RtAudio.cpp; sourceTree = "<group>"; };
		4F78D8C013B63A700032E0F3 /* RtAudio.h */ = {isa = PBXFileReference; fileEncoding = 4; lastKnownFileType = sourcecode.c.h; path = RtAudio.h; sourceTree = "<group>"; };
		4F78D8C113B63A700032E0F3 /* RtError.h */ = {isa = PBXFileReference; fileEncoding = 4; lastKnownFileType = sourcecode.c.h; path = RtError.h; sourceTree = "<group>"; };
		4F78D8C213B63A700032E0F3 /* RtMidi.cpp */ = {isa = PBXFileReference; fileEncoding = 4; lastKnownFileType = sourcecode.cpp.cpp; path = RtMidi.cpp; sourceTree = "<group>"; };
		4F78D8C313B63A700032E0F3 /* RtMidi.h */ = {isa = PBXFileReference; fileEncoding = 4; lastKnownFileType = sourcecode.c.h; path = RtMidi.h; sourceTree = "<group>"; };
		4F78D8D213B63B5D0032E0F3 /* aeffect.h */ = {isa = PBXFileReference; fileEncoding = 4; lastKnownFileType = sourcecode.c.h; path = aeffect.h; sourceTree = "<group>"; };
		4F78D8D313B63B5D0032E0F3 /* aeffectx.h */ = {isa = PBXFileReference; fileEncoding = 4; lastKnownFileType = sourcecode.c.h; path = aeffectx.h; sourceTree = "<group>"; };
		4F78D8E613B63BA40032E0F3 /* IPlug_include_in_plug_hdr.h */ = {isa = PBXFileReference; fileEncoding = 4; lastKnownFileType = sourcecode.c.h; name = IPlug_include_in_plug_hdr.h; path = ../../WDL/IPlug/IPlug_include_in_plug_hdr.h; sourceTree = SOURCE_ROOT; };
		4F78D8E813B63BA40032E0F3 /* IPlug_include_in_plug_src.h */ = {isa = PBXFileReference; fileEncoding = 4; lastKnownFileType = sourcecode.c.h; name = IPlug_include_in_plug_src.h; path = ../../WDL/IPlug/IPlug_include_in_plug_src.h; sourceTree = SOURCE_ROOT; };
		4F78D8E913B63BA40032E0F3 /* IControl.h */ = {isa = PBXFileReference; fileEncoding = 4; lastKnownFileType = sourcecode.c.h; name = IControl.h; path = ../../WDL/IPlug/IControl.h; sourceTree = SOURCE_ROOT; };
		4F78D8EA13B63BA40032E0F3 /* IKeyboardControl.h */ = {isa = PBXFileReference; fileEncoding = 4; lastKnownFileType = sourcecode.c.h; name = IKeyboardControl.h; path = ../../WDL/IPlug/IKeyboardControl.h; sourceTree = SOURCE_ROOT; };
		4F78D8EB13B63BA40032E0F3 /* IPlugStandalone.cpp */ = {isa = PBXFileReference; fileEncoding = 4; lastKnownFileType = sourcecode.cpp.cpp; name = IPlugStandalone.cpp; path = ../../WDL/IPlug/IPlugStandalone.cpp; sourceTree = SOURCE_ROOT; };
		4F78D8EC13B63BA40032E0F3 /* IPlugBase.h */ = {isa = PBXFileReference; fileEncoding = 4; lastKnownFileType = sourcecode.c.h; name = IPlugBase.h; path = ../../WDL/IPlug/IPlugBase.h; sourceTree = SOURCE_ROOT; };
		4F78D8ED13B63BA40032E0F3 /* IPlugBase.cpp */ = {isa = PBXFileReference; fileEncoding = 4; lastKnownFileType = sourcecode.cpp.cpp; name = IPlugBase.cpp; path = ../../WDL/IPlug/IPlugBase.cpp; sourceTree = SOURCE_ROOT; };
		4F78D8EE13B63BA50032E0F3 /* IGraphicsMac.h */ = {isa = PBXFileReference; fileEncoding = 4; lastKnownFileType = sourcecode.c.h; name = IGraphicsMac.h; path = ../../WDL/IPlug/IGraphicsMac.h; sourceTree = SOURCE_ROOT; };
		4F78D8EF13B63BA50032E0F3 /* IPlugStructs.cpp */ = {isa = PBXFileReference; fileEncoding = 4; lastKnownFileType = sourcecode.cpp.cpp; name = IPlugStructs.cpp; path = ../../WDL/IPlug/IPlugStructs.cpp; sourceTree = SOURCE_ROOT; };
		4F78D8F113B63BA50032E0F3 /* Containers.h */ = {isa = PBXFileReference; fileEncoding = 4; lastKnownFileType = sourcecode.c.h; name = Containers.h; path = ../../WDL/IPlug/Containers.h; sourceTree = SOURCE_ROOT; };
		4F78D8F213B63BA50032E0F3 /* Hosts.h */ = {isa = PBXFileReference; fileEncoding = 4; lastKnownFileType = sourcecode.c.h; name = Hosts.h; path = ../../WDL/IPlug/Hosts.h; sourceTree = SOURCE_ROOT; };
		4F78D8F313B63BA50032E0F3 /* Hosts.cpp */ = {isa = PBXFileReference; fileEncoding = 4; lastKnownFileType = sourcecode.cpp.cpp; name = Hosts.cpp; path = ../../WDL/IPlug/Hosts.cpp; sourceTree = SOURCE_ROOT; };
		4F78D8F513B63BA50032E0F3 /* IGraphicsMac.mm */ = {isa = PBXFileReference; fileEncoding = 4; lastKnownFileType = sourcecode.cpp.objcpp; name = IGraphicsMac.mm; path = ../../WDL/IPlug/IGraphicsMac.mm; sourceTree = SOURCE_ROOT; };
		4F78D8F613B63BA50032E0F3 /* IGraphics.cpp */ = {isa = PBXFileReference; fileEncoding = 4; lastKnownFileType = sourcecode.cpp.cpp; name = IGraphics.cpp; path = ../../WDL/IPlug/IGraphics.cpp; sourceTree = SOURCE_ROOT; };
		4F78D8F713B63BA50032E0F3 /* IGraphicsCarbon.cpp */ = {isa = PBXFileReference; fileEncoding = 4; lastKnownFileType = sourcecode.cpp.cpp; name = IGraphicsCarbon.cpp; path = ../../WDL/IPlug/IGraphicsCarbon.cpp; sourceTree = SOURCE_ROOT; };
		4F78D8F813B63BA50032E0F3 /* IGraphicsCocoa.mm */ = {isa = PBXFileReference; fileEncoding = 4; lastKnownFileType = sourcecode.cpp.objcpp; name = IGraphicsCocoa.mm; path = ../../WDL/IPlug/IGraphicsCocoa.mm; sourceTree = SOURCE_ROOT; };
		4F78D8F913B63BA50032E0F3 /* IGraphicsCocoa.h */ = {isa = PBXFileReference; fileEncoding = 4; lastKnownFileType = sourcecode.c.h; name = IGraphicsCocoa.h; path = ../../WDL/IPlug/IGraphicsCocoa.h; sourceTree = SOURCE_ROOT; };
		4F78D8FA13B63BA50032E0F3 /* Log.h */ = {isa = PBXFileReference; fileEncoding = 4; lastKnownFileType = sourcecode.c.h; name = Log.h; path = ../../WDL/IPlug/Log.h; sourceTree = SOURCE_ROOT; };
		4F78D8FB13B63BA50032E0F3 /* Log.cpp */ = {isa = PBXFileReference; fileEncoding = 4; lastKnownFileType = sourcecode.cpp.cpp; name = Log.cpp; path = ../../WDL/IPlug/Log.cpp; sourceTree = SOURCE_ROOT; };
		4F78D8FC13B63BA50032E0F3 /* IPopupMenu.h */ = {isa = PBXFileReference; fileEncoding = 4; lastKnownFileType = sourcecode.c.h; name = IPopupMenu.h; path = ../../WDL/IPlug/IPopupMenu.h; sourceTree = SOURCE_ROOT; };
		4F78D8FD13B63BA50032E0F3 /* IPopupMenu.cpp */ = {isa = PBXFileReference; fileEncoding = 4; lastKnownFileType = sourcecode.cpp.cpp; name = IPopupMenu.cpp; path = ../../WDL/IPlug/IPopupMenu.cpp; sourceTree = SOURCE_ROOT; };
		4F78D8FE13B63BA50032E0F3 /* IPlugStructs.h */ = {isa = PBXFileReference; fileEncoding = 4; lastKnownFileType = sourcecode.c.h; name = IPlugStructs.h; path = ../../WDL/IPlug/IPlugStructs.h; sourceTree = SOURCE_ROOT; };
		4F78D90213B63BA50032E0F3 /* IPlug_Prefix.pch */ = {isa = PBXFileReference; fileEncoding = 4; lastKnownFileType = sourcecode.c.h; name = IPlug_Prefix.pch; path = ../../WDL/IPlug/IPlug_Prefix.pch; sourceTree = SOURCE_ROOT; };
		4F78D90313B63BA50032E0F3 /* IParam.h */ = {isa = PBXFileReference; fileEncoding = 4; lastKnownFileType = sourcecode.c.h; name = IParam.h; path = ../../WDL/IPlug/IParam.h; sourceTree = SOURCE_ROOT; };
		4F78D90413B63BA50032E0F3 /* IParam.cpp */ = {isa = PBXFileReference; fileEncoding = 4; lastKnownFileType = sourcecode.cpp.cpp; name = IParam.cpp; path = ../../WDL/IPlug/IParam.cpp; sourceTree = SOURCE_ROOT; };
		4F78D90513B63BA50032E0F3 /* IMidiQueue.h */ = {isa = PBXFileReference; fileEncoding = 4; lastKnownFileType = sourcecode.c.h; name = IMidiQueue.h; path = ../../WDL/IPlug/IMidiQueue.h; sourceTree = SOURCE_ROOT; };
		4F78D90713B63BA50032E0F3 /* IGraphicsCarbon.h */ = {isa = PBXFileReference; fileEncoding = 4; lastKnownFileType = sourcecode.c.h; name = IGraphicsCarbon.h; path = ../../WDL/IPlug/IGraphicsCarbon.h; sourceTree = SOURCE_ROOT; };
		4F78D90813B63BA50032E0F3 /* IGraphics.h */ = {isa = PBXFileReference; fileEncoding = 4; lastKnownFileType = sourcecode.c.h; name = IGraphics.h; path = ../../WDL/IPlug/IGraphics.h; sourceTree = SOURCE_ROOT; };
		4F78D90913B63BA50032E0F3 /* IControl.cpp */ = {isa = PBXFileReference; fileEncoding = 4; lastKnownFileType = sourcecode.cpp.cpp; name = IControl.cpp; path = ../../WDL/IPlug/IControl.cpp; sourceTree = SOURCE_ROOT; };
		4F78D9EA13B63BE90032E0F3 /* IPlugStandalone.h */ = {isa = PBXFileReference; fileEncoding = 4; lastKnownFileType = sourcecode.c.h; name = IPlugStandalone.h; path = ../../WDL/IPlug/IPlugStandalone.h; sourceTree = SOURCE_ROOT; };
		4F78D9EC13B63C6A0032E0F3 /* IPlugVST.cpp */ = {isa = PBXFileReference; fileEncoding = 4; lastKnownFileType = sourcecode.cpp.cpp; name = IPlugVST.cpp; path = ../../WDL/IPlug/IPlugVST.cpp; sourceTree = SOURCE_ROOT; };
		4F78D9ED13B63C6A0032E0F3 /* IPlugVST.h */ = {isa = PBXFileReference; fileEncoding = 4; lastKnownFileType = sourcecode.c.h; name = IPlugVST.h; path = ../../WDL/IPlug/IPlugVST.h; sourceTree = SOURCE_ROOT; };
		4F78D9FB13B63CD90032E0F3 /* IPlugAU.h */ = {isa = PBXFileReference; fileEncoding = 4; lastKnownFileType = sourcecode.c.h; name = IPlugAU.h; path = ../../WDL/IPlug/IPlugAU.h; sourceTree = SOURCE_ROOT; };
		4F78D9FC13B63CD90032E0F3 /* IPlugAU.cpp */ = {isa = PBXFileReference; fileEncoding = 4; lastKnownFileType = sourcecode.cpp.cpp; name = IPlugAU.cpp; path = ../../WDL/IPlug/IPlugAU.cpp; sourceTree = SOURCE_ROOT; };
		4F78D9FD13B63CD90032E0F3 /* IPlugAU.r */ = {isa = PBXFileReference; fileEncoding = 4; lastKnownFileType = sourcecode.rez; name = IPlugAU.r; path = ../../WDL/IPlug/IPlugAU.r; sourceTree = SOURCE_ROOT; };
		4F78D9FE13B63CD90032E0F3 /* IPlugAU_ViewFactory.mm */ = {isa = PBXFileReference; fileEncoding = 4; lastKnownFileType = sourcecode.cpp.objcpp; name = IPlugAU_ViewFactory.mm; path = ../../WDL/IPlug/IPlugAU_ViewFactory.mm; sourceTree = SOURCE_ROOT; };
		4F78DAEA13B642790032E0F3 /* IGraphicsWin.cpp */ = {isa = PBXFileReference; fileEncoding = 4; lastKnownFileType = sourcecode.cpp.cpp; name = IGraphicsWin.cpp; path = ../../WDL/IPlug/IGraphicsWin.cpp; sourceTree = SOURCE_ROOT; };
		4F78DAEB13B642790032E0F3 /* IGraphicsWin.h */ = {isa = PBXFileReference; fileEncoding = 4; lastKnownFileType = sourcecode.c.h; name = IGraphicsWin.h; path = ../../WDL/IPlug/IGraphicsWin.h; sourceTree = SOURCE_ROOT; };
		4F7F5C0C13E95DDC002918FD /* LedViewer-RTAS-Info.plist */ = {isa = PBXFileReference; fileEncoding = 4; lastKnownFileType = text.plist.xml; name = "LedViewer-RTAS-Info.plist"; path = "resources/LedViewer-RTAS-Info.plist"; sourceTree = "<group>"; };
		4F7F5C9B13E9607A002918FD /* digicode.h */ = {isa = PBXFileReference; fileEncoding = 4; lastKnownFileType = sourcecode.c.h; name = digicode.h; path = ../../WDL/IPlug/RTAS/digicode.h; sourceTree = "<group>"; };
		4F7F5C9C13E9607A002918FD /* digicode1.cpp */ = {isa = PBXFileReference; fileEncoding = 4; lastKnownFileType = sourcecode.cpp.cpp; name = digicode1.cpp; path = ../../WDL/IPlug/RTAS/digicode1.cpp; sourceTree = "<group>"; };
		4F7F5C9D13E9607A002918FD /* digicode2.cpp */ = {isa = PBXFileReference; fileEncoding = 4; lastKnownFileType = sourcecode.cpp.cpp; name = digicode2.cpp; path = ../../WDL/IPlug/RTAS/digicode2.cpp; sourceTree = "<group>"; };
		4F7F5C9E13E9607A002918FD /* digicode3.cpp */ = {isa = PBXFileReference; fileEncoding = 4; lastKnownFileType = sourcecode.cpp.cpp; name = digicode3.cpp; path = ../../WDL/IPlug/RTAS/digicode3.cpp; sourceTree = "<group>"; };
		4F7F5CAB13E9607A002918FD /* CommonDebugSettings.xcconfig */ = {isa = PBXFileReference; fileEncoding = 4; lastKnownFileType = text.xcconfig; name = CommonDebugSettings.xcconfig; path = ../../PT9_SDK/AlturaPorts/TDMPlugIns/common/Mac/CommonDebugSettings.xcconfig; sourceTree = SOURCE_ROOT; };
		4F7F5CAC13E9607A002918FD /* CommonReleaseSettings.xcconfig */ = {isa = PBXFileReference; fileEncoding = 4; lastKnownFileType = text.xcconfig; name = CommonReleaseSettings.xcconfig; path = ../../PT9_SDK/AlturaPorts/TDMPlugIns/common/Mac/CommonReleaseSettings.xcconfig; sourceTree = SOURCE_ROOT; };
		4F7F5CF613E96564002918FD /* System.framework */ = {isa = PBXFileReference; lastKnownFileType = wrapper.framework; name = System.framework; path = /System/Library/Frameworks/System.framework; sourceTree = "<absolute>"; };
		4F8B6747158B4F53002FC25B /* PluginLibrary.xcodeproj */ = {isa = PBXFileReference; lastKnownFileType = "wrapper.pb-project"; name = PluginLibrary.xcodeproj; path = ../../PT9_SDK/AlturaPorts/TDMPlugIns/PlugInLibrary/MacBuild/PluginLibrary.xcodeproj; sourceTree = SOURCE_ROOT; };
		4F8D4BC413E97664004F7633 /* lice.xcodeproj */ = {isa = PBXFileReference; lastKnownFileType = "wrapper.pb-project"; name = lice.xcodeproj; path = ../../WDL/lice/lice.xcodeproj; sourceTree = SOURCE_ROOT; };
		4F9089961F6B3207006CB839 /* generate_plists.py */ = {isa = PBXFileReference; fileEncoding = 4; lastKnownFileType = text.script.python; path = generate_plists.py; sourceTree = "<group>"; };
		4FA88B901444E4C4006CB8DA /* dfx-au-utilities.c */ = {isa = PBXFileReference; fileEncoding = 4; lastKnownFileType = sourcecode.c.c; name = "dfx-au-utilities.c"; path = "../../WDL/IPlug/dfx/dfx-au-utilities.c"; sourceTree = SOURCE_ROOT; };
		4FA88B911444E4C4006CB8DA /* dfx-au-utilities.h */ = {isa = PBXFileReference; fileEncoding = 4; lastKnownFileType = sourcecode.c.h; name = "dfx-au-utilities.h"; path = "../../WDL/IPlug/dfx/dfx-au-utilities.h"; sourceTree = SOURCE_ROOT; };
		4FB3624E13B648FE00DB6B76 /* main.mm */ = {isa = PBXFileReference; fileEncoding = 4; lastKnownFileType = sourcecode.cpp.objcpp; name = main.mm; path = app_wrapper/main.mm; sourceTree = "<group>"; };
		4FCF15AF133124D1009A6277 /* LedViewer.xcconfig */ = {isa = PBXFileReference; fileEncoding = 4; lastKnownFileType = text.xcconfig; path = LedViewer.xcconfig; sourceTree = "<group>"; };
		4FD16A0913B63081001D0217 /* LedViewer.app */ = {isa = PBXFileReference; explicitFileType = wrapper.application; includeInIndex = 0; path = LedViewer.app; sourceTree = BUILT_PRODUCTS_DIR; };
		4FD16C9E13B6327C001D0217 /* app_resource.h */ = {isa = PBXFileReference; fileEncoding = 4; lastKnownFileType = sourcecode.c.h; name = app_resource.h; path = app_wrapper/app_resource.h; sourceTree = "<group>"; };
		4FD16C9F13B6327C001D0217 /* app_main.h */ = {isa = PBXFileReference; fileEncoding = 4; lastKnownFileType = sourcecode.c.h; name = app_main.h; path = app_wrapper/app_main.h; sourceTree = "<group>"; };
		4FD16CA013B6327C001D0217 /* app_main.cpp */ = {isa = PBXFileReference; fileEncoding = 4; lastKnownFileType = sourcecode.cpp.cpp; name = app_main.cpp; path = app_wrapper/app_main.cpp; sourceTree = "<group>"; };
		4FD16CA113B6327C001D0217 /* app_dialog.cpp */ = {isa = PBXFileReference; fileEncoding = 4; lastKnownFileType = sourcecode.cpp.cpp; name = app_dialog.cpp; path = app_wrapper/app_dialog.cpp; sourceTree = "<group>"; };
		4FD16CFB13B63468001D0217 /* swell-appstub.mm */ = {isa = PBXFileReference; fileEncoding = 4; lastKnownFileType = sourcecode.cpp.objcpp; name = "swell-appstub.mm"; path = "../../WDL/swell/swell-appstub.mm"; sourceTree = SOURCE_ROOT; };
		4FD16D0213B63489001D0217 /* swell-menugen.h */ = {isa = PBXFileReference; fileEncoding = 4; lastKnownFileType = sourcecode.c.h; name = "swell-menugen.h"; path = "../../WDL/swell/swell-menugen.h"; sourceTree = SOURCE_ROOT; };
		4FD16D0313B63494001D0217 /* swell-dlggen.h */ = {isa = PBXFileReference; fileEncoding = 4; lastKnownFileType = sourcecode.c.h; name = "swell-dlggen.h"; path = "../../WDL/swell/swell-dlggen.h"; sourceTree = SOURCE_ROOT; };
		4FD16D0413B634AA001D0217 /* swell-dlg.mm */ = {isa = PBXFileReference; fileEncoding = 4; lastKnownFileType = sourcecode.cpp.objcpp; name = "swell-dlg.mm"; path = "../../WDL/swell/swell-dlg.mm"; sourceTree = SOURCE_ROOT; };
		4FD16D0B13B634BF001D0217 /* swell-gdi.mm */ = {isa = PBXFileReference; fileEncoding = 4; lastKnownFileType = sourcecode.cpp.objcpp; name = "swell-gdi.mm"; path = "../../WDL/swell/swell-gdi.mm"; sourceTree = SOURCE_ROOT; };
		4FD16D1513B634D2001D0217 /* swell-ini.cpp */ = {isa = PBXFileReference; fileEncoding = 4; lastKnownFileType = sourcecode.cpp.cpp; name = "swell-ini.cpp"; path = "../../WDL/swell/swell-ini.cpp"; sourceTree = SOURCE_ROOT; };
		4FD16D1713B634E5001D0217 /* swell.h */ = {isa = PBXFileReference; fileEncoding = 4; lastKnownFileType = sourcecode.c.h; name = swell.h; path = ../../WDL/swell/swell.h; sourceTree = SOURCE_ROOT; };
		4FD16D2213B6351C001D0217 /* swell-functions.h */ = {isa = PBXFileReference; fileEncoding = 4; lastKnownFileType = sourcecode.c.h; name = "swell-functions.h"; path = "../../WDL/swell/swell-functions.h"; sourceTree = SOURCE_ROOT; };
		4FD16D2B13B6353C001D0217 /* swell-internal.h */ = {isa = PBXFileReference; fileEncoding = 4; lastKnownFileType = sourcecode.c.h; name = "swell-internal.h"; path = "../../WDL/swell/swell-internal.h"; sourceTree = SOURCE_ROOT; };
		4FD16D3013B6355A001D0217 /* swell-types.h */ = {isa = PBXFileReference; fileEncoding = 4; lastKnownFileType = sourcecode.c.h; name = "swell-types.h"; path = "../../WDL/swell/swell-types.h"; sourceTree = SOURCE_ROOT; };
		4FD16D3913B63582001D0217 /* swell-kb.mm */ = {isa = PBXFileReference; fileEncoding = 4; lastKnownFileType = sourcecode.cpp.objcpp; name = "swell-kb.mm"; path = "../../WDL/swell/swell-kb.mm"; sourceTree = SOURCE_ROOT; };
		4FD16D3B13B6358C001D0217 /* swell-miscdlg.mm */ = {isa = PBXFileReference; fileEncoding = 4; lastKnownFileType = sourcecode.cpp.objcpp; name = "swell-miscdlg.mm"; path = "../../WDL/swell/swell-miscdlg.mm"; sourceTree = SOURCE_ROOT; };
		4FD16D3D13B63595001D0217 /* swell-menu.mm */ = {isa = PBXFileReference; fileEncoding = 4; lastKnownFileType = sourcecode.cpp.objcpp; name = "swell-menu.mm"; path = "../../WDL/swell/swell-menu.mm"; sourceTree = SOURCE_ROOT; };
		4FD16D3F13B635A0001D0217 /* swell-misc.mm */ = {isa = PBXFileReference; fileEncoding = 4; lastKnownFileType = sourcecode.cpp.objcpp; name = "swell-misc.mm"; path = "../../WDL/swell/swell-misc.mm"; sourceTree = SOURCE_ROOT; };
		4FD16D4113B635AB001D0217 /* swell-wnd.mm */ = {isa = PBXFileReference; fileEncoding = 4; lastKnownFileType = sourcecode.cpp.objcpp; name = "swell-wnd.mm"; path = "../../WDL/swell/swell-wnd.mm"; sourceTree = SOURCE_ROOT; };
		4FD16D4313B635B2001D0217 /* swell.cpp */ = {isa = PBXFileReference; fileEncoding = 4; lastKnownFileType = sourcecode.cpp.cpp; name = swell.cpp; path = ../../WDL/swell/swell.cpp; sourceTree = SOURCE_ROOT; };
		4FD16D4513B635C8001D0217 /* swellappmain.h */ = {isa = PBXFileReference; fileEncoding = 4; lastKnownFileType = sourcecode.c.h; name = swellappmain.h; path = ../../WDL/swell/swellappmain.h; sourceTree = SOURCE_ROOT; };
		4FD16D4613B635C8001D0217 /* swellappmain.mm */ = {isa = PBXFileReference; fileEncoding = 4; lastKnownFileType = sourcecode.cpp.objcpp; name = swellappmain.mm; path = ../../WDL/swell/swellappmain.mm; sourceTree = SOURCE_ROOT; };
		4FD290A8137C34D700CEBE7E /* LedViewer.icns */ = {isa = PBXFileReference; lastKnownFileType = image.icns; name = LedViewer.icns; path = resources/LedViewer.icns; sourceTree = "<group>"; };
		4FDA440513F3E4F2000B4551 /* IBitmapMonoText.cpp */ = {isa = PBXFileReference; fileEncoding = 4; lastKnownFileType = sourcecode.cpp.cpp; name = IBitmapMonoText.cpp; path = ../../WDL/IPlug/IBitmapMonoText.cpp; sourceTree = SOURCE_ROOT; };
		4FDA440613F3E4F2000B4551 /* IBitmapMonoText.h */ = {isa = PBXFileReference; fileEncoding = 4; lastKnownFileType = sourcecode.c.h; name = IBitmapMonoText.h; path = ../../WDL/IPlug/IBitmapMonoText.h; sourceTree = SOURCE_ROOT; };
		4FF016F4134E14E2001447BA /* mutex.h */ = {isa = PBXFileReference; fileEncoding = 4; lastKnownFileType = sourcecode.c.h; name = mutex.h; path = ../../WDL/mutex.h; sourceTree = SOURCE_ROOT; };
		4FF016F5134E14E2001447BA /* ptrlist.h */ = {isa = PBXFileReference; fileEncoding = 4; lastKnownFileType = sourcecode.c.h; name = ptrlist.h; path = ../../WDL/ptrlist.h; sourceTree = SOURCE_ROOT; };
		4FF016F6134E14E2001447BA /* wdlstring.h */ = {isa = PBXFileReference; fileEncoding = 4; lastKnownFileType = sourcecode.c.h; name = wdlstring.h; path = ../../WDL/wdlstring.h; sourceTree = SOURCE_ROOT; };
		4FF01719134E153A001447BA /* heapbuf.h */ = {isa = PBXFileReference; fileEncoding = 4; lastKnownFileType = sourcecode.c.h; name = heapbuf.h; path = ../../WDL/heapbuf.h; sourceTree = SOURCE_ROOT; };
		4FF7B0D4156A825000E6CB12 /* common.xcconfig */ = {isa = PBXFileReference; fileEncoding = 4; lastKnownFileType = text.xcconfig; name = common.xcconfig; path = ../../common.xcconfig; sourceTree = SOURCE_ROOT; };
		4FF7B0F3156A831000E6CB12 /* AAXLibrary.xcodeproj */ = {isa = PBXFileReference; lastKnownFileType = "wrapper.pb-project"; name = AAXLibrary.xcodeproj; path = ../../AAX_SDK/Libs/AAXLibrary/MacBuild/AAXLibrary.xcodeproj; sourceTree = SOURCE_ROOT; };
		526F9C010D7DC7D700562CF8 /* LedViewer.exp */ = {isa = PBXFileReference; fileEncoding = 4; lastKnownFileType = sourcecode.exports; path = LedViewer.exp; sourceTree = "<group>"; };
		52C4DB180D0E51270007A920 /* Carbon.framework */ = {isa = PBXFileReference; lastKnownFileType = wrapper.framework; name = Carbon.framework; path = /System/Library/Frameworks/Carbon.framework; sourceTree = "<absolute>"; };
		52E41CB90D14C2A900A0943B /* CoreAudio.framework */ = {isa = PBXFileReference; lastKnownFileType = wrapper.framework; name = CoreAudio.framework; path = /System/Library/Frameworks/CoreAudio.framework; sourceTree = "<absolute>"; };
		52E41CC40D14C2B000A0943B /* CoreServices.framework */ = {isa = PBXFileReference; lastKnownFileType = wrapper.framework; name = CoreServices.framework; path = /System/Library/Frameworks/CoreServices.framework; sourceTree = "<absolute>"; };
		52E41D7E0D14C2D100A0943B /* AudioUnit.framework */ = {isa = PBXFileReference; lastKnownFileType = wrapper.framework; name = AudioUnit.framework; path = /System/Library/Frameworks/AudioUnit.framework; sourceTree = "<absolute>"; };
		52E41D920D14C2D600A0943B /* AudioToolbox.framework */ = {isa = PBXFileReference; lastKnownFileType = wrapper.framework; name = AudioToolbox.framework; path = /System/Library/Frameworks/AudioToolbox.framework; sourceTree = "<absolute>"; };
		52FBBED00D0CF139001C8B8A /* LedViewer.cpp */ = {isa = PBXFileReference; fileEncoding = 4; indentWidth = 2; lastKnownFileType = sourcecode.cpp.cpp; path = LedViewer.cpp; sourceTree = "<group>"; tabWidth = 2; usesTabs = 0; };
		52FBBED20D0CF13D001C8B8A /* LedViewer.h */ = {isa = PBXFileReference; fileEncoding = 4; indentWidth = 2; lastKnownFileType = sourcecode.c.h; path = LedViewer.h; sourceTree = "<group>"; tabWidth = 2; usesTabs = 0; };
		52FBBED30D0CF143001C8B8A /* resource.h */ = {isa = PBXFileReference; fileEncoding = 4; indentWidth = 2; lastKnownFileType = sourcecode.c.h; path = resource.h; sourceTree = "<group>"; tabWidth = 2; usesTabs = 0; };
		C51AAFAD2A781F430031E35C /* LedConf.cpp */ = {isa = PBXFileReference; fileEncoding = 4; lastKnownFileType = sourcecode.cpp.cpp; path = LedConf.cpp; sourceTree = "<group>"; };
		C51AAFB02A781F510031E35C /* LedConf.h */ = {isa = PBXFileReference; fileEncoding = 4; lastKnownFileType = sourcecode.c.h; path = LedConf.h; sourceTree = "<group>"; };
		D2F7E65807B2D6F200F64583 /* CoreData.framework */ = {isa = PBXFileReference; lastKnownFileType = wrapper.framework; name = CoreData.framework; path = /System/Library/Frameworks/CoreData.framework; sourceTree = "<absolute>"; };
/* End PBXFileReference section */

/* Begin PBXFrameworksBuildPhase section */
		4F20EF2C132C69FE0030E34C /* Frameworks */ = {
			isa = PBXFrameworksBuildPhase;
			buildActionMask = 2147483647;
			files = (
				4F8D4C2F13E97806004F7633 /* lice.a in Frameworks */,
				4F20EF2D132C69FE0030E34C /* Cocoa.framework in Frameworks */,
				4F20EF2E132C69FE0030E34C /* Carbon.framework in Frameworks */,
			);
			runOnlyForDeploymentPostprocessing = 0;
		};
		4FD16A0713B63081001D0217 /* Frameworks */ = {
			isa = PBXFrameworksBuildPhase;
			buildActionMask = 2147483647;
			files = (
				4F8D4BCD13E97671004F7633 /* lice.a in Frameworks */,
				4F78D87513B637E50032E0F3 /* Carbon.framework in Frameworks */,
				4F78D7D013B637790032E0F3 /* CoreMIDI.framework in Frameworks */,
				4F78D70B13B637340032E0F3 /* CoreFoundation.framework in Frameworks */,
				4F78D86E13B637A20032E0F3 /* CoreData.framework in Frameworks */,
				4F78D87013B637A20032E0F3 /* CoreAudio.framework in Frameworks */,
				4F78D87113B637A20032E0F3 /* Cocoa.framework in Frameworks */,
			);
			runOnlyForDeploymentPostprocessing = 0;
		};
/* End PBXFrameworksBuildPhase section */

/* Begin PBXGroup section */
		089C166AFE841209C02AAC07 /* IPlugExample */ = {
			isa = PBXGroup;
			children = (
				C51AAFB02A781F510031E35C /* LedConf.h */,
				C51AAFAD2A781F430031E35C /* LedConf.cpp */,
				52FBBED30D0CF143001C8B8A /* resource.h */,
				52FBBED20D0CF13D001C8B8A /* LedViewer.h */,
				52FBBED00D0CF139001C8B8A /* LedViewer.cpp */,
				089C167CFE841241C02AAC07 /* Resources */,
				32C88E010371C26100C91783 /* Other Sources */,
				089C1671FE841209C02AAC07 /* Frameworks and Libraries */,
				19C28FB8FE9D52D311CA2CBB /* Products */,
			);
			name = IPlugExample;
			sourceTree = "<group>";
		};
		089C1671FE841209C02AAC07 /* Frameworks and Libraries */ = {
			isa = PBXGroup;
			children = (
				4FF01613134E0BCD001447BA /* WDL */,
				1058C7ACFEA557BF11CA2CBB /* Linked Frameworks */,
			);
			name = "Frameworks and Libraries";
			sourceTree = "<group>";
		};
		089C167CFE841241C02AAC07 /* Resources */ = {
			isa = PBXGroup;
			children = (
				4FD16A0213B6303B001D0217 /* img */,
				4F23BA1413B647E50097A67E /* LedViewer-OSXAPP-Info.plist */,
				4F23BA1513B647E50097A67E /* LedViewer-VST2-Info.plist */,
				4F3E693A1409747300C4D749 /* LedViewer-VST3-Info.plist */,
				4F23BA1313B647E50097A67E /* LedViewer-AU-Info.plist */,
				4F7F5C0C13E95DDC002918FD /* LedViewer-RTAS-Info.plist */,
				4F4CC3811549B8A700A9EA21 /* LedViewer-AAX-Info.plist */,
				4FD290A8137C34D700CEBE7E /* LedViewer.icns */,
			);
			name = Resources;
			sourceTree = "<group>";
		};
		1058C7ACFEA557BF11CA2CBB /* Linked Frameworks */ = {
			isa = PBXGroup;
			children = (
				4F78DB2113B644E80032E0F3 /* App & Plugins */,
				4F3E695B1409774100C4D749 /* VST3 Plugin */,
				4F78DB2213B645060032E0F3 /* AU Plugin */,
				4F7F5CEB13E9651F002918FD /* RTAS Plugin */,
				4F05224015656DAD00AE0D2E /* AAX Plugin */,
				4F78DB2013B644BD0032E0F3 /* App */,
			);
			name = "Linked Frameworks";
			sourceTree = "<group>";
		};
		19C28FB8FE9D52D311CA2CBB /* Products */ = {
			isa = PBXGroup;
			children = (
				4FD16A0913B63081001D0217 /* LedViewer.app */,
				4F20EF33132C69FE0030E34C /* LedViewer.vst */,
			);
			name = Products;
			sourceTree = "<group>";
		};
		32C88E010371C26100C91783 /* Other Sources */ = {
			isa = PBXGroup;
			children = (
				4FD16C9D13B6327C001D0217 /* OSX App Wrapper */,
				4F9089961F6B3207006CB839 /* generate_plists.py */,
				4FCF15AF133124D1009A6277 /* LedViewer.xcconfig */,
				4FF7B0D4156A825000E6CB12 /* common.xcconfig */,
			);
			name = "Other Sources";
			sourceTree = "<group>";
		};
		4F05224015656DAD00AE0D2E /* AAX Plugin */ = {
			isa = PBXGroup;
			children = (
				4FF7B0F3156A831000E6CB12 /* AAXLibrary.xcodeproj */,
			);
			name = "AAX Plugin";
			sourceTree = "<group>";
		};
		4F24EE731567A674006B889A /* RTAS_SDK */ = {
			isa = PBXGroup;
			children = (
				4F7F5CAB13E9607A002918FD /* CommonDebugSettings.xcconfig */,
				4F7F5CAC13E9607A002918FD /* CommonReleaseSettings.xcconfig */,
				4F7F5C9B13E9607A002918FD /* digicode.h */,
				4F7F5C9C13E9607A002918FD /* digicode1.cpp */,
				4F7F5C9D13E9607A002918FD /* digicode2.cpp */,
				4F7F5C9E13E9607A002918FD /* digicode3.cpp */,
			);
			name = RTAS_SDK;
			sourceTree = "<group>";
		};
		4F3E69001409743C00C4D749 /* VST3 */ = {
			isa = PBXGroup;
			children = (
				4F3E69041409746500C4D749 /* IPlugVST3.cpp */,
				4F3E69051409746500C4D749 /* IPlugVST3.h */,
			);
			name = VST3;
			sourceTree = "<group>";
		};
		4F3E695B1409774100C4D749 /* VST3 Plugin */ = {
			isa = PBXGroup;
			children = (
				4F4AD1F11409A56A0068A6D4 /* base.xcodeproj */,
			);
			name = "VST3 Plugin";
			sourceTree = "<group>";
		};
		4F3E696A1409778C00C4D749 /* VST3_SDK */ = {
			isa = PBXGroup;
			children = (
				4F3B42DD2063214900DBDACA /* memorystream.cpp */,
				4F3B42DB2063214900DBDACA /* memorystream.h */,
				4F3B42DC2063214900DBDACA /* pluginview.cpp */,
				4F3B42DA2063214900DBDACA /* pluginview.h */,
				4F3B42D62063213F00DBDACA /* macmain.cpp */,
				4F3B42D52063213F00DBDACA /* pluginfactoryvst3.cpp */,
				4F3B42D72063213F00DBDACA /* pluginfactoryvst3.h */,
				4F3B42B92063212D00DBDACA /* vstaudioeffect.cpp */,
				4F3B42C12063212D00DBDACA /* vstaudioeffect.h */,
				4F3B42C82063212E00DBDACA /* vstaudioprocessoralgo.h */,
				4F3B42BA2063212D00DBDACA /* vstbus.cpp */,
				4F3B42C92063212E00DBDACA /* vstbus.h */,
				4F3B42CB2063212E00DBDACA /* vstbypassprocessor.cpp */,
				4F3B42C22063212E00DBDACA /* vstbypassprocessor.h */,
				4F3B42BE2063212D00DBDACA /* vstcomponent.cpp */,
				4F3B42BD2063212D00DBDACA /* vstcomponent.h */,
				4F3B42C42063212E00DBDACA /* vstcomponentbase.cpp */,
				4F3B42BF2063212D00DBDACA /* vstcomponentbase.h */,
				4F3B42C62063212E00DBDACA /* vstinitiids.cpp */,
				4F3B42C52063212E00DBDACA /* vstparameters.cpp */,
				4F3B42C32063212E00DBDACA /* vstparameters.h */,
				4F3B42CA2063212E00DBDACA /* vstrepresentation.cpp */,
				4F3B42C72063212E00DBDACA /* vstrepresentation.h */,
				4F3B42C02063212D00DBDACA /* vstsinglecomponenteffect.cpp */,
				4F3B42BB2063212D00DBDACA /* vstsinglecomponenteffect.h */,
				4F3B42BC2063212D00DBDACA /* vstspeakerarray.h */,
			);
			name = VST3_SDK;
			sourceTree = "<group>";
		};
		4F4AD1F21409A56A0068A6D4 /* Products */ = {
			isa = PBXGroup;
			children = (
				4F4AD1F61409A56A0068A6D4 /* libbase.a */,
				4FA708BF158B47F000BFC572 /* libbase32.a */,
			);
			name = Products;
			sourceTree = "<group>";
		};
		4F75900813B7A91A00DA399F /* MACGUI */ = {
			isa = PBXGroup;
			children = (
				4F78D8EE13B63BA50032E0F3 /* IGraphicsMac.h */,
				4F78D8F513B63BA50032E0F3 /* IGraphicsMac.mm */,
				4F78D90713B63BA50032E0F3 /* IGraphicsCarbon.h */,
				4F78D8F713B63BA50032E0F3 /* IGraphicsCarbon.cpp */,
				4F78D8F813B63BA50032E0F3 /* IGraphicsCocoa.mm */,
				4F78D8F913B63BA50032E0F3 /* IGraphicsCocoa.h */,
			);
			name = MACGUI;
			sourceTree = "<group>";
		};
		4F78D89413B639100032E0F3 /* English.lproj */ = {
			isa = PBXGroup;
			children = (
			);
			name = English.lproj;
			path = resources/English.lproj;
			sourceTree = "<group>";
		};
		4F78D8BE13B63A700032E0F3 /* rtaudiomidi */ = {
			isa = PBXGroup;
			children = (
				4F78D8BF13B63A700032E0F3 /* RtAudio.cpp */,
				4F78D8C013B63A700032E0F3 /* RtAudio.h */,
				4F78D8C113B63A700032E0F3 /* RtError.h */,
				4F78D8C213B63A700032E0F3 /* RtMidi.cpp */,
				4F78D8C313B63A700032E0F3 /* RtMidi.h */,
			);
			name = rtaudiomidi;
			path = ../../WDL/rtaudiomidi;
			sourceTree = SOURCE_ROOT;
		};
		4F78D8D013B63B390032E0F3 /* IPlug */ = {
			isa = PBXGroup;
			children = (
				4F78D9FA13B63CA10032E0F3 /* APP */,
				4F78D9F913B63C920032E0F3 /* AU */,
				4F3E69001409743C00C4D749 /* VST3 */,
				4F78D9F713B63C710032E0F3 /* VST */,
				4F75900813B7A91A00DA399F /* MACGUI */,
				4F78DAEC13B6427D0032E0F3 /* WINGUI */,
				4F3EE94513B65A350097B791 /* IPlugOSDetect.h */,
				4F78D90813B63BA50032E0F3 /* IGraphics.h */,
				4F78D8F613B63BA50032E0F3 /* IGraphics.cpp */,
				4FDA440513F3E4F2000B4551 /* IBitmapMonoText.cpp */,
				4FDA440613F3E4F2000B4551 /* IBitmapMonoText.h */,
				4F78D8E613B63BA40032E0F3 /* IPlug_include_in_plug_hdr.h */,
				4F78D8E813B63BA40032E0F3 /* IPlug_include_in_plug_src.h */,
				4F78D8EC13B63BA40032E0F3 /* IPlugBase.h */,
				4F78D8ED13B63BA40032E0F3 /* IPlugBase.cpp */,
				4F78D8EF13B63BA50032E0F3 /* IPlugStructs.cpp */,
				4F78D8FE13B63BA50032E0F3 /* IPlugStructs.h */,
				4F78D90313B63BA50032E0F3 /* IParam.h */,
				4F78D90413B63BA50032E0F3 /* IParam.cpp */,
				4F78D8E913B63BA40032E0F3 /* IControl.h */,
				4F78D90913B63BA50032E0F3 /* IControl.cpp */,
				4F78D8EA13B63BA40032E0F3 /* IKeyboardControl.h */,
				4F78D8F213B63BA50032E0F3 /* Hosts.h */,
				4F78D8F313B63BA50032E0F3 /* Hosts.cpp */,
				4F78D8F113B63BA50032E0F3 /* Containers.h */,
				4F78D8FC13B63BA50032E0F3 /* IPopupMenu.h */,
				4F78D8FD13B63BA50032E0F3 /* IPopupMenu.cpp */,
				4F78D90213B63BA50032E0F3 /* IPlug_Prefix.pch */,
				4F78D90513B63BA50032E0F3 /* IMidiQueue.h */,
				4F78D8FA13B63BA50032E0F3 /* Log.h */,
				4F78D8FB13B63BA50032E0F3 /* Log.cpp */,
			);
			name = IPlug;
			sourceTree = "<group>";
		};
		4F78D8D113B63B5D0032E0F3 /* VST2_SDK */ = {
			isa = PBXGroup;
			children = (
				4F78D8D213B63B5D0032E0F3 /* aeffect.h */,
				4F78D8D313B63B5D0032E0F3 /* aeffectx.h */,
			);
			name = VST2_SDK;
			path = ../../VST_SDK;
			sourceTree = SOURCE_ROOT;
		};
		4F78D9F713B63C710032E0F3 /* VST */ = {
			isa = PBXGroup;
			children = (
				4F78D9EC13B63C6A0032E0F3 /* IPlugVST.cpp */,
				4F78D9ED13B63C6A0032E0F3 /* IPlugVST.h */,
			);
			name = VST;
			sourceTree = "<group>";
		};
		4F78D9F913B63C920032E0F3 /* AU */ = {
			isa = PBXGroup;
			children = (
				4FA88B901444E4C4006CB8DA /* dfx-au-utilities.c */,
				4FA88B911444E4C4006CB8DA /* dfx-au-utilities.h */,
				4F78D9FB13B63CD90032E0F3 /* IPlugAU.h */,
				4F78D9FC13B63CD90032E0F3 /* IPlugAU.cpp */,
				4F78D9FD13B63CD90032E0F3 /* IPlugAU.r */,
				4F78D9FE13B63CD90032E0F3 /* IPlugAU_ViewFactory.mm */,
			);
			name = AU;
			sourceTree = "<group>";
		};
		4F78D9FA13B63CA10032E0F3 /* APP */ = {
			isa = PBXGroup;
			children = (
				4F78D9EA13B63BE90032E0F3 /* IPlugStandalone.h */,
				4F78D8EB13B63BA40032E0F3 /* IPlugStandalone.cpp */,
			);
			name = APP;
			sourceTree = "<group>";
		};
		4F78DAE913B6423C0032E0F3 /* 3rd Party */ = {
			isa = PBXGroup;
			children = (
				4F24EE731567A674006B889A /* RTAS_SDK */,
				4F3E696A1409778C00C4D749 /* VST3_SDK */,
				4F78D8D113B63B5D0032E0F3 /* VST2_SDK */,
				4F78D8BE13B63A700032E0F3 /* rtaudiomidi */,
			);
			name = "3rd Party";
			sourceTree = "<group>";
		};
		4F78DAEC13B6427D0032E0F3 /* WINGUI */ = {
			isa = PBXGroup;
			children = (
				4F78DAEA13B642790032E0F3 /* IGraphicsWin.cpp */,
				4F78DAEB13B642790032E0F3 /* IGraphicsWin.h */,
			);
			comments = "Not actually included in builds";
			name = WINGUI;
			sourceTree = "<group>";
		};
		4F78DB2013B644BD0032E0F3 /* App */ = {
			isa = PBXGroup;
			children = (
				089C167FFE841241C02AAC07 /* AppKit.framework */,
				4F78D7CF13B637790032E0F3 /* CoreMIDI.framework */,
				52E41CB90D14C2A900A0943B /* CoreAudio.framework */,
			);
			name = App;
			sourceTree = "<group>";
		};
		4F78DB2113B644E80032E0F3 /* App & Plugins */ = {
			isa = PBXGroup;
			children = (
				4F8D4BC413E97664004F7633 /* lice.xcodeproj */,
				4F78D62313B637200032E0F3 /* CoreFoundation.framework */,
				D2F7E65807B2D6F200F64583 /* CoreData.framework */,
				089C1672FE841209C02AAC07 /* Foundation.framework */,
				52E41CC40D14C2B000A0943B /* CoreServices.framework */,
				52C4DB180D0E51270007A920 /* Carbon.framework */,
				1058C7ADFEA557BF11CA2CBB /* Cocoa.framework */,
			);
			name = "App & Plugins";
			sourceTree = "<group>";
		};
		4F78DB2213B645060032E0F3 /* AU Plugin */ = {
			isa = PBXGroup;
			children = (
				52E41D920D14C2D600A0943B /* AudioToolbox.framework */,
				52E41D7E0D14C2D100A0943B /* AudioUnit.framework */,
			);
			name = "AU Plugin";
			sourceTree = "<group>";
		};
		4F7F5CEB13E9651F002918FD /* RTAS Plugin */ = {
			isa = PBXGroup;
			children = (
				4F8B6747158B4F53002FC25B /* PluginLibrary.xcodeproj */,
				4F7F5CF613E96564002918FD /* System.framework */,
			);
			name = "RTAS Plugin";
			sourceTree = "<group>";
		};
		4F8B671E158B4EB2002FC25B /* Products */ = {
			isa = PBXGroup;
			children = (
				4F8B6723158B4EB2002FC25B /* libAAXLibrary.a */,
				4F87DADE1F65C45E00745478 /* libAAXLibrary_libcpp.a */,
			);
			name = Products;
			sourceTree = "<group>";
		};
		4F8B6748158B4F53002FC25B /* Products */ = {
			isa = PBXGroup;
			children = (
				4F8B674F158B4F53002FC25B /* libPluginLibrary.a */,
			);
			name = Products;
			sourceTree = "<group>";
		};
		4F8D4BC513E97664004F7633 /* Products */ = {
			isa = PBXGroup;
			children = (
				4F8D4BCC13E97664004F7633 /* lice.a */,
				4F8D4C1713E976A7004F7633 /* lice32.a */,
			);
			name = Products;
			sourceTree = "<group>";
		};
		4FD16A0213B6303B001D0217 /* img */ = {
			isa = PBXGroup;
			children = (
				4F23B9E413B647A00097A67E /* knob.png */,
			);
			name = img;
			sourceTree = "<group>";
		};
		4FD16C9D13B6327C001D0217 /* OSX App Wrapper */ = {
			isa = PBXGroup;
			children = (
				526F9C010D7DC7D700562CF8 /* LedViewer.exp */,
				4FB3624E13B648FE00DB6B76 /* main.mm */,
				4F78D89413B639100032E0F3 /* English.lproj */,
				4FD16C9E13B6327C001D0217 /* app_resource.h */,
				4FD16C9F13B6327C001D0217 /* app_main.h */,
				4FD16CA013B6327C001D0217 /* app_main.cpp */,
				4FD16CA113B6327C001D0217 /* app_dialog.cpp */,
			);
			name = "OSX App Wrapper";
			sourceTree = "<group>";
		};
		4FD16CF713B6343B001D0217 /* SWELL */ = {
			isa = PBXGroup;
			children = (
				4FD16D3513B63566001D0217 /* Used by App */,
				4FD16D1C13B634FB001D0217 /* Used by App & Plugins */,
			);
			name = SWELL;
			sourceTree = "<group>";
		};
		4FD16D1C13B634FB001D0217 /* Used by App & Plugins */ = {
			isa = PBXGroup;
			children = (
				4FD16D2B13B6353C001D0217 /* swell-internal.h */,
				4FD16D3013B6355A001D0217 /* swell-types.h */,
				4FD16D2213B6351C001D0217 /* swell-functions.h */,
				4FD16D0B13B634BF001D0217 /* swell-gdi.mm */,
				4FD16D1713B634E5001D0217 /* swell.h */,
			);
			name = "Used by App & Plugins";
			sourceTree = "<group>";
		};
		4FD16D3513B63566001D0217 /* Used by App */ = {
			isa = PBXGroup;
			children = (
				4FD16D0213B63489001D0217 /* swell-menugen.h */,
				4FD16D0313B63494001D0217 /* swell-dlggen.h */,
				4FD16D4513B635C8001D0217 /* swellappmain.h */,
				4FD16D4613B635C8001D0217 /* swellappmain.mm */,
				4FD16CFB13B63468001D0217 /* swell-appstub.mm */,
				4FD16D0413B634AA001D0217 /* swell-dlg.mm */,
				4FD16D1513B634D2001D0217 /* swell-ini.cpp */,
				4FD16D3913B63582001D0217 /* swell-kb.mm */,
				4FD16D3B13B6358C001D0217 /* swell-miscdlg.mm */,
				4FD16D3D13B63595001D0217 /* swell-menu.mm */,
				4FD16D3F13B635A0001D0217 /* swell-misc.mm */,
				4FD16D4113B635AB001D0217 /* swell-wnd.mm */,
				4FD16D4313B635B2001D0217 /* swell.cpp */,
			);
			name = "Used by App";
			sourceTree = "<group>";
		};
		4FF01613134E0BCD001447BA /* WDL */ = {
			isa = PBXGroup;
			children = (
				4F78DAE913B6423C0032E0F3 /* 3rd Party */,
				4F78D8D013B63B390032E0F3 /* IPlug */,
				4FD16CF713B6343B001D0217 /* SWELL */,
				4F1F1BE9135B1F60003A5BB2 /* wdlendian.h */,
				4FF01719134E153A001447BA /* heapbuf.h */,
				4FF016F4134E14E2001447BA /* mutex.h */,
				4FF016F5134E14E2001447BA /* ptrlist.h */,
				4FF016F6134E14E2001447BA /* wdlstring.h */,
				4F78D8BD13B63A4E0032E0F3 /* wdltypes.h */,
			);
			name = WDL;
			sourceTree = "<group>";
		};
/* End PBXGroup section */

/* Begin PBXHeadersBuildPhase section */
		4F78DAAC13B640450032E0F3 /* Headers */ = {
			isa = PBXHeadersBuildPhase;
			buildActionMask = 2147483647;
			files = (
				4F78DABB13B640620032E0F3 /* IPlugStandalone.h in Headers */,
				4F78DAB813B640530032E0F3 /* RtAudio.h in Headers */,
				4F78DAB913B640530032E0F3 /* RtError.h in Headers */,
				4F78DABA13B640530032E0F3 /* RtMidi.h in Headers */,
				4F78DAB113B640470032E0F3 /* swell-menugen.h in Headers */,
				4F78DAB213B640470032E0F3 /* swell-dlggen.h in Headers */,
				4F78DAB313B640470032E0F3 /* swellappmain.h in Headers */,
				4F78DA7713B640050032E0F3 /* resource.h in Headers */,
				4F78DA7813B640050032E0F3 /* LedViewer.h in Headers */,
				4F78DA8A13B640050032E0F3 /* mutex.h in Headers */,
				4F78DA8B13B640050032E0F3 /* ptrlist.h in Headers */,
				4F78DA8C13B640050032E0F3 /* wdlstring.h in Headers */,
				4F78DA8D13B640050032E0F3 /* heapbuf.h in Headers */,
				4F78DA8E13B640050032E0F3 /* wdlendian.h in Headers */,
				4F78DA8F13B640050032E0F3 /* swell.h in Headers */,
				4F78DA9013B640050032E0F3 /* swell-functions.h in Headers */,
				4F78DA9113B640050032E0F3 /* swell-internal.h in Headers */,
				4F78DA9213B640050032E0F3 /* swell-types.h in Headers */,
				4F78DA9313B640050032E0F3 /* aeffect.h in Headers */,
				4F78DA9413B640050032E0F3 /* aeffectx.h in Headers */,
				4F78DA9513B640050032E0F3 /* IPlug_include_in_plug_hdr.h in Headers */,
				4F78DA9613B640050032E0F3 /* IPlug_include_in_plug_src.h in Headers */,
				4F78DA9713B640050032E0F3 /* IControl.h in Headers */,
				4F78DA9813B640050032E0F3 /* IKeyboardControl.h in Headers */,
				4F78DA9913B640050032E0F3 /* IPlugBase.h in Headers */,
				4F78DA9A13B640050032E0F3 /* IGraphicsMac.h in Headers */,
				4F78DA9C13B640050032E0F3 /* Containers.h in Headers */,
				4F78DA9D13B640050032E0F3 /* Hosts.h in Headers */,
				4F78DA9E13B640050032E0F3 /* IGraphicsCocoa.h in Headers */,
				4F78DA9F13B640050032E0F3 /* Log.h in Headers */,
				4F78DAA013B640050032E0F3 /* IPopupMenu.h in Headers */,
				4F78DAA113B640050032E0F3 /* IPlugStructs.h in Headers */,
				4F78DAA213B640050032E0F3 /* IPlug_Prefix.pch in Headers */,
				4F78DAA313B640050032E0F3 /* IParam.h in Headers */,
				4F78DAA413B640050032E0F3 /* IMidiQueue.h in Headers */,
				4F78DAA513B640050032E0F3 /* IGraphicsCarbon.h in Headers */,
				4F78DAA613B640050032E0F3 /* IGraphics.h in Headers */,
				4F3EE94613B65A350097B791 /* IPlugOSDetect.h in Headers */,
				4FDA440F13F3E4F2000B4551 /* IBitmapMonoText.h in Headers */,
			);
			runOnlyForDeploymentPostprocessing = 0;
		};
/* End PBXHeadersBuildPhase section */

/* Begin PBXNativeTarget section */
		4F20EEC8132C69FE0030E34C /* VST2 */ = {
			isa = PBXNativeTarget;
			buildConfigurationList = 4F20EF2F132C69FE0030E34C /* Build configuration list for PBXNativeTarget "VST2" */;
			buildPhases = (
				4F20EEC9132C69FE0030E34C /* Resources */,
				4F20EECA132C69FE0030E34C /* Sources */,
				4F20EF2C132C69FE0030E34C /* Frameworks */,
			);
			buildRules = (
			);
			dependencies = (
				4F8D4C2D13E977CD004F7633 /* PBXTargetDependency */,
			);
			name = VST2;
			productInstallPath = "$(HOME)/Library/Bundles";
			productName = IPlugExample;
			productReference = 4F20EF33132C69FE0030E34C /* LedViewer.vst */;
			productType = "com.apple.product-type.bundle";
		};
		4FD16A0813B63081001D0217 /* APP */ = {
			isa = PBXNativeTarget;
			buildConfigurationList = 4FD16A0F13B63082001D0217 /* Build configuration list for PBXNativeTarget "APP" */;
			buildPhases = (
				4F78DAAC13B640450032E0F3 /* Headers */,
				4FD16A0513B63081001D0217 /* Resources */,
				4FD16A0613B63081001D0217 /* Sources */,
				4FD16A0713B63081001D0217 /* Frameworks */,
			);
			buildRules = (
			);
			dependencies = (
				4F678B6D13E984B200A6A9BB /* PBXTargetDependency */,
			);
			name = APP;
			productName = "OSXAPP_32&64_intel";
			productReference = 4FD16A0913B63081001D0217 /* LedViewer.app */;
			productType = "com.apple.product-type.application";
		};
/* End PBXNativeTarget section */

/* Begin PBXProject section */
		089C1669FE841209C02AAC07 /* Project object */ = {
			isa = PBXProject;
			attributes = {
				BuildIndependentTargetsInParallel = YES;
				LastUpgradeCheck = 1320;
			};
			buildConfigurationList = 1DEB913E08733D840010E9CD /* Build configuration list for PBXProject "LedViewer" */;
			compatibilityVersion = "Xcode 3.2";
			developmentRegion = en;
			hasScannedForEncodings = 1;
			knownRegions = (
				English,
				Japanese,
				French,
				German,
				en,
			);
			mainGroup = 089C166AFE841209C02AAC07 /* IPlugExample */;
			projectDirPath = "";
			projectReferences = (
				{
					ProductGroup = 4F8B671E158B4EB2002FC25B /* Products */;
					ProjectRef = 4FF7B0F3156A831000E6CB12 /* AAXLibrary.xcodeproj */;
				},
				{
					ProductGroup = 4F4AD1F21409A56A0068A6D4 /* Products */;
					ProjectRef = 4F4AD1F11409A56A0068A6D4 /* base.xcodeproj */;
				},
				{
					ProductGroup = 4F8D4BC513E97664004F7633 /* Products */;
					ProjectRef = 4F8D4BC413E97664004F7633 /* lice.xcodeproj */;
				},
				{
					ProductGroup = 4F8B6748158B4F53002FC25B /* Products */;
					ProjectRef = 4F8B6747158B4F53002FC25B /* PluginLibrary.xcodeproj */;
				},
			);
			projectRoot = "";
			targets = (
				4F78DAF113B643600032E0F3 /* All */,
				4FD16A0813B63081001D0217 /* APP */,
				4F20EEC8132C69FE0030E34C /* VST2 */,
			);
		};
/* End PBXProject section */

/* Begin PBXReferenceProxy section */
		4F4AD1F61409A56A0068A6D4 /* libbase.a */ = {
			isa = PBXReferenceProxy;
			fileType = archive.ar;
			path = libbase.a;
			remoteRef = 4F4AD1F51409A56A0068A6D4 /* PBXContainerItemProxy */;
			sourceTree = BUILT_PRODUCTS_DIR;
		};
		4F87DADE1F65C45E00745478 /* libAAXLibrary_libcpp.a */ = {
			isa = PBXReferenceProxy;
			fileType = archive.ar;
			path = libAAXLibrary_libcpp.a;
			remoteRef = 4F87DADD1F65C45E00745478 /* PBXContainerItemProxy */;
			sourceTree = BUILT_PRODUCTS_DIR;
		};
		4F8B6723158B4EB2002FC25B /* libAAXLibrary.a */ = {
			isa = PBXReferenceProxy;
			fileType = archive.ar;
			path = libAAXLibrary.a;
			remoteRef = 4F8B6722158B4EB2002FC25B /* PBXContainerItemProxy */;
			sourceTree = BUILT_PRODUCTS_DIR;
		};
		4F8B674F158B4F53002FC25B /* libPluginLibrary.a */ = {
			isa = PBXReferenceProxy;
			fileType = archive.ar;
			path = libPluginLibrary.a;
			remoteRef = 4F8B674E158B4F53002FC25B /* PBXContainerItemProxy */;
			sourceTree = BUILT_PRODUCTS_DIR;
		};
		4F8D4BCC13E97664004F7633 /* lice.a */ = {
			isa = PBXReferenceProxy;
			fileType = archive.ar;
			path = lice.a;
			remoteRef = 4F8D4BCB13E97664004F7633 /* PBXContainerItemProxy */;
			sourceTree = BUILT_PRODUCTS_DIR;
		};
		4F8D4C1713E976A7004F7633 /* lice32.a */ = {
			isa = PBXReferenceProxy;
			fileType = archive.ar;
			path = lice32.a;
			remoteRef = 4F8D4C1613E976A7004F7633 /* PBXContainerItemProxy */;
			sourceTree = BUILT_PRODUCTS_DIR;
		};
		4FA708BF158B47F000BFC572 /* libbase32.a */ = {
			isa = PBXReferenceProxy;
			fileType = archive.ar;
			path = libbase32.a;
			remoteRef = 4FA708BE158B47F000BFC572 /* PBXContainerItemProxy */;
			sourceTree = BUILT_PRODUCTS_DIR;
		};
/* End PBXReferenceProxy section */

/* Begin PBXResourcesBuildPhase section */
		4F20EEC9132C69FE0030E34C /* Resources */ = {
			isa = PBXResourcesBuildPhase;
			buildActionMask = 2147483647;
			files = (
				4F23B9F313B647A00097A67E /* knob.png in Resources */,
			);
			runOnlyForDeploymentPostprocessing = 0;
		};
		4FD16A0513B63081001D0217 /* Resources */ = {
			isa = PBXResourcesBuildPhase;
			buildActionMask = 2147483647;
			files = (
				4F78D88613B6382B0032E0F3 /* LedViewer.icns in Resources */,
				4F23B9FD13B647A00097A67E /* knob.png in Resources */,
			);
			runOnlyForDeploymentPostprocessing = 0;
		};
/* End PBXResourcesBuildPhase section */

/* Begin PBXSourcesBuildPhase section */
		4F20EECA132C69FE0030E34C /* Sources */ = {
			isa = PBXSourcesBuildPhase;
			buildActionMask = 2147483647;
			files = (
				C51AAFB12A78200D0031E35C /* LedConf.cpp in Sources */,
				4F20EECB132C69FE0030E34C /* LedViewer.cpp in Sources */,
				4FD16D1213B634BF001D0217 /* swell-gdi.mm in Sources */,
				4F78D9BB13B63BA50032E0F3 /* IPlugBase.cpp in Sources */,
				4F78D9BC13B63BA50032E0F3 /* IPlugStructs.cpp in Sources */,
				4F78D9BD13B63BA50032E0F3 /* Hosts.cpp in Sources */,
				4F78D9BF13B63BA50032E0F3 /* IGraphicsMac.mm in Sources */,
				4F78D9C013B63BA50032E0F3 /* IGraphics.cpp in Sources */,
				4F78D9C113B63BA50032E0F3 /* IGraphicsCarbon.cpp in Sources */,
				4F78D9C213B63BA50032E0F3 /* IGraphicsCocoa.mm in Sources */,
				4F78D9C313B63BA50032E0F3 /* Log.cpp in Sources */,
				4F78D9C413B63BA50032E0F3 /* IPopupMenu.cpp in Sources */,
				4F78D9C813B63BA50032E0F3 /* IParam.cpp in Sources */,
				4F78D9C913B63BA50032E0F3 /* IControl.cpp in Sources */,
				4F78D9F313B63C6A0032E0F3 /* IPlugVST.cpp in Sources */,
				4FDA440C13F3E4F2000B4551 /* IBitmapMonoText.cpp in Sources */,
			);
			runOnlyForDeploymentPostprocessing = 0;
		};
		4FD16A0613B63081001D0217 /* Sources */ = {
			isa = PBXSourcesBuildPhase;
			buildActionMask = 2147483647;
			files = (
				C51AAFBC2A7823530031E35C /* LedConf.cpp in Sources */,
				4FD16CFC13B63468001D0217 /* swell-appstub.mm in Sources */,
				4FD16D0513B634AA001D0217 /* swell-dlg.mm in Sources */,
				4FD16D0C13B634BF001D0217 /* swell-gdi.mm in Sources */,
				4FD16D1613B634D2001D0217 /* swell-ini.cpp in Sources */,
				4FD16D3A13B63582001D0217 /* swell-kb.mm in Sources */,
				4FD16D3C13B6358C001D0217 /* swell-miscdlg.mm in Sources */,
				4FD16D3E13B63595001D0217 /* swell-menu.mm in Sources */,
				4FD16D4013B635A0001D0217 /* swell-misc.mm in Sources */,
				4FD16D4213B635AB001D0217 /* swell-wnd.mm in Sources */,
				4FD16D4413B635B2001D0217 /* swell.cpp in Sources */,
				4FD16D4713B635C8001D0217 /* swellappmain.mm in Sources */,
				4F78D8C413B63A700032E0F3 /* RtAudio.cpp in Sources */,
				4F78D8C513B63A700032E0F3 /* RtMidi.cpp in Sources */,
				4F78D90A13B63BA50032E0F3 /* IPlugStandalone.cpp in Sources */,
				4F78D90B13B63BA50032E0F3 /* IPlugBase.cpp in Sources */,
				4F78D90C13B63BA50032E0F3 /* IPlugStructs.cpp in Sources */,
				4F78D90D13B63BA50032E0F3 /* Hosts.cpp in Sources */,
				4F78D90F13B63BA50032E0F3 /* IGraphicsMac.mm in Sources */,
				4F78D91013B63BA50032E0F3 /* IGraphics.cpp in Sources */,
				4F78D91113B63BA50032E0F3 /* IGraphicsCarbon.cpp in Sources */,
				4F78D91213B63BA50032E0F3 /* IGraphicsCocoa.mm in Sources */,
				4F78D91313B63BA50032E0F3 /* Log.cpp in Sources */,
				4F78D91413B63BA50032E0F3 /* IPopupMenu.cpp in Sources */,
				4F78D91813B63BA50032E0F3 /* IParam.cpp in Sources */,
				4F78D91913B63BA50032E0F3 /* IControl.cpp in Sources */,
				4F78DA5A13B63F150032E0F3 /* LedViewer.cpp in Sources */,
				4FD16CA213B6327D001D0217 /* app_main.cpp in Sources */,
				4FD16CA313B6327D001D0217 /* app_dialog.cpp in Sources */,
				4FB3624F13B648FE00DB6B76 /* main.mm in Sources */,
				4FDA440E13F3E4F2000B4551 /* IBitmapMonoText.cpp in Sources */,
			);
			runOnlyForDeploymentPostprocessing = 0;
		};
/* End PBXSourcesBuildPhase section */

/* Begin PBXTargetDependency section */
		4F678B6D13E984B200A6A9BB /* PBXTargetDependency */ = {
			isa = PBXTargetDependency;
			name = "lice_32&64_intel";
			targetProxy = 4F678B6C13E984B200A6A9BB /* PBXContainerItemProxy */;
		};
		4F78DAF613B6436B0032E0F3 /* PBXTargetDependency */ = {
			isa = PBXTargetDependency;
			target = 4FD16A0813B63081001D0217 /* APP */;
			targetProxy = 4F78DAF513B6436B0032E0F3 /* PBXContainerItemProxy */;
		};
		4F78DAF813B6436B0032E0F3 /* PBXTargetDependency */ = {
			isa = PBXTargetDependency;
			target = 4F20EEC8132C69FE0030E34C /* VST2 */;
			targetProxy = 4F78DAF713B6436B0032E0F3 /* PBXContainerItemProxy */;
		};
		4F8D4C2D13E977CD004F7633 /* PBXTargetDependency */ = {
			isa = PBXTargetDependency;
			name = "lice_32&64_intel";
			targetProxy = 4F8D4C2C13E977CD004F7633 /* PBXContainerItemProxy */;
		};
/* End PBXTargetDependency section */

/* Begin XCBuildConfiguration section */
		1DEB913F08733D840010E9CD /* Debug */ = {
			isa = XCBuildConfiguration;
			baseConfigurationReference = 4FCF15AF133124D1009A6277 /* LedViewer.xcconfig */;
			buildSettings = {
				CLANG_ANALYZER_LOCALIZABILITY_NONLOCALIZED = YES;
				CLANG_WARN_BLOCK_CAPTURE_AUTORELEASING = YES;
				CLANG_WARN_BOOL_CONVERSION = YES;
				CLANG_WARN_COMMA = YES;
				CLANG_WARN_CONSTANT_CONVERSION = YES;
				CLANG_WARN_DEPRECATED_OBJC_IMPLEMENTATIONS = YES;
				CLANG_WARN_EMPTY_BODY = YES;
				CLANG_WARN_ENUM_CONVERSION = YES;
				CLANG_WARN_INFINITE_RECURSION = YES;
				CLANG_WARN_INT_CONVERSION = YES;
				CLANG_WARN_NON_LITERAL_NULL_CONVERSION = YES;
				CLANG_WARN_OBJC_IMPLICIT_RETAIN_SELF = YES;
				CLANG_WARN_OBJC_LITERAL_CONVERSION = YES;
				CLANG_WARN_QUOTED_INCLUDE_IN_FRAMEWORK_HEADER = YES;
				CLANG_WARN_RANGE_LOOP_ANALYSIS = YES;
				CLANG_WARN_STRICT_PROTOTYPES = YES;
				CLANG_WARN_SUSPICIOUS_MOVE = YES;
				CLANG_WARN_UNREACHABLE_CODE = YES;
				CLANG_WARN__DUPLICATE_METHOD_MATCH = YES;
				CONFIGURATION_BUILD_DIR = "$(BUILD_DIR)";
				COPY_PHASE_STRIP = NO;
				DEPLOYMENT_LOCATION = YES;
				ENABLE_STRICT_OBJC_MSGSEND = YES;
				ENABLE_TESTABILITY = YES;
				EXECUTABLE_EXTENSION = "";
				GCC_DYNAMIC_NO_PIC = NO;
				GCC_NO_COMMON_BLOCKS = YES;
				GCC_OPTIMIZATION_LEVEL = "$(DEBUG_OPTIMIZE)";
				GCC_PRECOMPILE_PREFIX_HEADER = YES;
				GCC_PREFIX_HEADER = $IPLUG_PATH/IPlug_Prefix.pch;
				GCC_PREPROCESSOR_DEFINITIONS = "$(DEBUG_DEFS)";
				GCC_PREPROCESSOR_DEFINITIONS_NOT_USED_IN_PRECOMPS = "$(COCOA_DEFS)";
				GCC_VERSION = "$(COMPILER)";
				GCC_WARN_64_TO_32_BIT_CONVERSION = YES;
				GCC_WARN_ABOUT_DEPRECATED_FUNCTIONS = NO;
				GCC_WARN_ABOUT_RETURN_TYPE = YES;
				GCC_WARN_UNDECLARED_SELECTOR = YES;
				GCC_WARN_UNINITIALIZED_AUTOS = YES;
				GCC_WARN_UNUSED_FUNCTION = YES;
				GCC_WARN_UNUSED_VARIABLE = YES;
				GENERATE_PKGINFO_FILE = YES;
				HEADER_SEARCH_PATHS = (
					"$(IPLUG_PATH)",
					"$(ADDITIONAL_INCLUDES)",
				);
				INFOPLIST_EXPAND_BUILD_SETTINGS = YES;
				INFOPLIST_PREPROCESS = NO;
				INSTALL_GROUP = admin;
				INSTALL_OWNER = root;
				INSTALL_PATH = /;
				LIBRARY_SEARCH_PATHS = "$(ADDITIONAL_LIBRARY_PATHS)";
				ONLY_ACTIVE_ARCH = YES;
				OTHER_CPLUSPLUSFLAGS = (
					"$(OTHER_CFLAGS)",
					"$(GCC_CFLAGS)",
				);
				PRECOMPS_INCLUDE_HEADERS_FROM_BUILT_PRODUCTS_DIR = NO;
				PRODUCT_NAME = "$(BINARY_NAME)";
				SDKROOT = "$(BASE_SDK)";
				SKIP_INSTALL = NO;
				STRIP_INSTALLED_PRODUCT = NO;
				SYMROOT = "build-mac";
				VALID_ARCHS = x86_64;
				WRAPPER_EXTENSION = "";
			};
			name = Debug;
		};
		1DEB914008733D840010E9CD /* Release */ = {
			isa = XCBuildConfiguration;
			baseConfigurationReference = 4FCF15AF133124D1009A6277 /* LedViewer.xcconfig */;
			buildSettings = {
				CLANG_ANALYZER_LOCALIZABILITY_NONLOCALIZED = YES;
				CLANG_WARN_BLOCK_CAPTURE_AUTORELEASING = YES;
				CLANG_WARN_BOOL_CONVERSION = YES;
				CLANG_WARN_COMMA = YES;
				CLANG_WARN_CONSTANT_CONVERSION = YES;
				CLANG_WARN_DEPRECATED_OBJC_IMPLEMENTATIONS = YES;
				CLANG_WARN_EMPTY_BODY = YES;
				CLANG_WARN_ENUM_CONVERSION = YES;
				CLANG_WARN_INFINITE_RECURSION = YES;
				CLANG_WARN_INT_CONVERSION = YES;
				CLANG_WARN_NON_LITERAL_NULL_CONVERSION = YES;
				CLANG_WARN_OBJC_IMPLICIT_RETAIN_SELF = YES;
				CLANG_WARN_OBJC_LITERAL_CONVERSION = YES;
				CLANG_WARN_QUOTED_INCLUDE_IN_FRAMEWORK_HEADER = YES;
				CLANG_WARN_RANGE_LOOP_ANALYSIS = YES;
				CLANG_WARN_STRICT_PROTOTYPES = YES;
				CLANG_WARN_SUSPICIOUS_MOVE = YES;
				CLANG_WARN_UNREACHABLE_CODE = YES;
				CLANG_WARN__DUPLICATE_METHOD_MATCH = YES;
				CONFIGURATION_BUILD_DIR = "$(BUILD_DIR)";
				DEBUG_INFORMATION_FORMAT = "dwarf-with-dsym";
				DEPLOYMENT_LOCATION = YES;
				ENABLE_STRICT_OBJC_MSGSEND = YES;
				EXECUTABLE_EXTENSION = "";
				GCC_GENERATE_DEBUGGING_SYMBOLS = YES;
				GCC_NO_COMMON_BLOCKS = YES;
				GCC_OPTIMIZATION_LEVEL = "$(RELEASE_OPTIMIZE)";
				GCC_PRECOMPILE_PREFIX_HEADER = YES;
				GCC_PREFIX_HEADER = $IPLUG_PATH/IPlug_Prefix.pch;
				GCC_PREPROCESSOR_DEFINITIONS = "$(RELEASE_DEFS)";
				GCC_PREPROCESSOR_DEFINITIONS_NOT_USED_IN_PRECOMPS = "$(COCOA_DEFS)";
				GCC_SYMBOLS_PRIVATE_EXTERN = YES;
				GCC_VERSION = "$(COMPILER)";
				GCC_WARN_64_TO_32_BIT_CONVERSION = YES;
				GCC_WARN_ABOUT_DEPRECATED_FUNCTIONS = NO;
				GCC_WARN_ABOUT_RETURN_TYPE = YES;
				GCC_WARN_UNDECLARED_SELECTOR = YES;
				GCC_WARN_UNINITIALIZED_AUTOS = YES;
				GCC_WARN_UNUSED_FUNCTION = YES;
				GCC_WARN_UNUSED_VARIABLE = YES;
				GENERATE_PKGINFO_FILE = YES;
				GENERATE_PROFILING_CODE = "$(PROFILE)";
				HEADER_SEARCH_PATHS = (
					"$(IPLUG_PATH)",
					"$(ADDITIONAL_INCLUDES)",
				);
				INFOPLIST_EXPAND_BUILD_SETTINGS = YES;
				INFOPLIST_PREPROCESS = NO;
				INSTALL_GROUP = admin;
				INSTALL_OWNER = root;
				INSTALL_PATH = /;
				LIBRARY_SEARCH_PATHS = "$(ADDITIONAL_LIBRARY_PATHS)";
				OTHER_CPLUSPLUSFLAGS = (
					"$(OTHER_CFLAGS)",
					"$(GCC_CFLAGS)",
				);
				PRECOMPS_INCLUDE_HEADERS_FROM_BUILT_PRODUCTS_DIR = NO;
				PRODUCT_NAME = "$(BINARY_NAME)";
				SDKROOT = "$(BASE_SDK)";
				SKIP_INSTALL = NO;
				SYMROOT = "build-mac";
				VALID_ARCHS = x86_64;
				WRAPPER_EXTENSION = "";
			};
			name = Release;
		};
		4F20EF30132C69FE0030E34C /* Debug */ = {
			isa = XCBuildConfiguration;
			buildSettings = {
				ARCHS = "$(ARCHS_STANDARD)";
				CLANG_ENABLE_OBJC_WEAK = YES;
				DSTROOT = "$(VST_FOLDER)";
				GCC_PREPROCESSOR_DEFINITIONS_NOT_USED_IN_PRECOMPS = (
					"$(VST_DEFS)",
					"$(inherited)",
				);
				INFOPLIST_FILE = "resources/LedViewer-VST2-Info.plist";
				MACOSX_DEPLOYMENT_TARGET = 11.0;
				ONLY_ACTIVE_ARCH = NO;
				SKIP_INSTALL = NO;
				WARNING_CFLAGS = "-Wno-main";
				WRAPPER_EXTENSION = vst;
			};
			name = Debug;
		};
		4F20EF31132C69FE0030E34C /* Release */ = {
			isa = XCBuildConfiguration;
			buildSettings = {
				ARCHS = "$(ARCHS_STANDARD)";
				CLANG_ENABLE_OBJC_WEAK = YES;
				DSTROOT = "$(VST_FOLDER)";
				GCC_PREPROCESSOR_DEFINITIONS_NOT_USED_IN_PRECOMPS = (
					"$(VST_DEFS)",
					"$(inherited)",
				);
				INFOPLIST_FILE = "resources/LedViewer-VST2-Info.plist";
				MACOSX_DEPLOYMENT_TARGET = 11.0;
				ONLY_ACTIVE_ARCH = NO;
				SKIP_INSTALL = NO;
				WARNING_CFLAGS = "-Wno-main";
				WRAPPER_EXTENSION = vst;
			};
			name = Release;
		};
		4F20EF32132C69FE0030E34C /* Tracer */ = {
			isa = XCBuildConfiguration;
			buildSettings = {
				ARCHS = "$(ARCHS_STANDARD)";
				CLANG_ENABLE_OBJC_WEAK = YES;
				DSTROOT = "$(VST_FOLDER)";
				GCC_PREPROCESSOR_DEFINITIONS_NOT_USED_IN_PRECOMPS = (
					"$(VST_DEFS)",
					"$(inherited)",
				);
				INFOPLIST_FILE = "resources/LedViewer-VST2-Info.plist";
				MACOSX_DEPLOYMENT_TARGET = 11.0;
				ONLY_ACTIVE_ARCH = NO;
				SKIP_INSTALL = NO;
				WARNING_CFLAGS = "-Wno-main";
				WRAPPER_EXTENSION = vst;
			};
			name = Tracer;
		};
		4F78DAF213B643610032E0F3 /* Debug */ = {
			isa = XCBuildConfiguration;
			buildSettings = {
				CLANG_ENABLE_OBJC_WEAK = YES;
				COPY_PHASE_STRIP = NO;
				GCC_DYNAMIC_NO_PIC = NO;
				GCC_OPTIMIZATION_LEVEL = "$(DEBUG_OPTIMIZE)";
				MACOSX_DEPLOYMENT_TARGET = 11.0;
				PRODUCT_NAME = "AllOSX_32&64_intel";
			};
			name = Debug;
		};
		4F78DAF313B643610032E0F3 /* Release */ = {
			isa = XCBuildConfiguration;
			buildSettings = {
				CLANG_ENABLE_OBJC_WEAK = YES;
				COPY_PHASE_STRIP = YES;
				DEBUG_INFORMATION_FORMAT = "dwarf-with-dsym";
				MACOSX_DEPLOYMENT_TARGET = 11.0;
				PRODUCT_NAME = "AllOSX_32&64_intel";
				ZERO_LINK = NO;
			};
			name = Release;
		};
		4F78DAF413B643610032E0F3 /* Tracer */ = {
			isa = XCBuildConfiguration;
			buildSettings = {
				CLANG_ENABLE_OBJC_WEAK = YES;
				MACOSX_DEPLOYMENT_TARGET = 11.0;
				PRODUCT_NAME = "AllOSX_32&64_intel";
			};
			name = Tracer;
		};
		4FD16A0C13B63082001D0217 /* Debug */ = {
			isa = XCBuildConfiguration;
			buildSettings = {
				ARCHS = "$(ARCHS_STANDARD)";
				CLANG_ENABLE_OBJC_WEAK = YES;
				CODE_SIGN_IDENTITY = "-";
				DSTROOT = "$(APP_FOLDER)";
				GCC_PREPROCESSOR_DEFINITIONS_NOT_USED_IN_PRECOMPS = (
					"$(APP_DEFS)",
					"$(inherited)",
				);
				HEADER_SEARCH_PATHS = (
					"$(ADDITIONAL_APP_INCLUDES)",
					"$(inherited)",
				);
				INFOPLIST_FILE = "resources/LedViewer-OSXAPP-Info.plist";
				MACOSX_DEPLOYMENT_TARGET = 11.0;
				ONLY_ACTIVE_ARCH = NO;
				OTHER_LDFLAGS = (
					"-framework",
					Foundation,
					"-framework",
					AppKit,
				);
				SKIP_INSTALL = NO;
				WRAPPER_EXTENSION = app;
			};
			name = Debug;
		};
		4FD16A0D13B63082001D0217 /* Release */ = {
			isa = XCBuildConfiguration;
			buildSettings = {
				ARCHS = "$(ARCHS_STANDARD)";
				CLANG_ENABLE_OBJC_WEAK = YES;
				CODE_SIGN_IDENTITY = "-";
				DSTROOT = "$(APP_FOLDER)";
				GCC_PREPROCESSOR_DEFINITIONS_NOT_USED_IN_PRECOMPS = (
					"$(APP_DEFS)",
					"$(inherited)",
				);
				HEADER_SEARCH_PATHS = (
					"$(ADDITIONAL_APP_INCLUDES)",
					"$(inherited)",
				);
				INFOPLIST_FILE = "resources/LedViewer-OSXAPP-Info.plist";
				MACOSX_DEPLOYMENT_TARGET = 11.0;
				ONLY_ACTIVE_ARCH = NO;
				OTHER_LDFLAGS = (
					"-framework",
					Foundation,
					"-framework",
					AppKit,
				);
				SKIP_INSTALL = NO;
				WRAPPER_EXTENSION = app;
			};
			name = Release;
		};
		4FD16A0E13B63082001D0217 /* Tracer */ = {
			isa = XCBuildConfiguration;
			buildSettings = {
				ARCHS = "$(ARCHS_STANDARD)";
				CLANG_ENABLE_OBJC_WEAK = YES;
				CODE_SIGN_IDENTITY = "-";
				DSTROOT = "$(APP_FOLDER)";
				GCC_PREPROCESSOR_DEFINITIONS_NOT_USED_IN_PRECOMPS = (
					"$(APP_DEFS)",
					"$(inherited)",
				);
				HEADER_SEARCH_PATHS = (
					"$(ADDITIONAL_APP_INCLUDES)",
					"$(inherited)",
				);
				INFOPLIST_FILE = "resources/LedViewer-OSXAPP-Info.plist";
				MACOSX_DEPLOYMENT_TARGET = 11.0;
				ONLY_ACTIVE_ARCH = NO;
				OTHER_LDFLAGS = (
					"-framework",
					Foundation,
					"-framework",
					AppKit,
				);
				SKIP_INSTALL = NO;
				WRAPPER_EXTENSION = app;
			};
			name = Tracer;
		};
		528359A90D7F0C3A00577159 /* Tracer */ = {
			isa = XCBuildConfiguration;
			baseConfigurationReference = 4FCF15AF133124D1009A6277 /* LedViewer.xcconfig */;
			buildSettings = {
				CLANG_ANALYZER_LOCALIZABILITY_NONLOCALIZED = YES;
				CLANG_WARN_BLOCK_CAPTURE_AUTORELEASING = YES;
				CLANG_WARN_BOOL_CONVERSION = YES;
				CLANG_WARN_COMMA = YES;
				CLANG_WARN_CONSTANT_CONVERSION = YES;
				CLANG_WARN_DEPRECATED_OBJC_IMPLEMENTATIONS = YES;
				CLANG_WARN_EMPTY_BODY = YES;
				CLANG_WARN_ENUM_CONVERSION = YES;
				CLANG_WARN_INFINITE_RECURSION = YES;
				CLANG_WARN_INT_CONVERSION = YES;
				CLANG_WARN_NON_LITERAL_NULL_CONVERSION = YES;
				CLANG_WARN_OBJC_IMPLICIT_RETAIN_SELF = YES;
				CLANG_WARN_OBJC_LITERAL_CONVERSION = YES;
				CLANG_WARN_QUOTED_INCLUDE_IN_FRAMEWORK_HEADER = YES;
				CLANG_WARN_RANGE_LOOP_ANALYSIS = YES;
				CLANG_WARN_STRICT_PROTOTYPES = YES;
				CLANG_WARN_SUSPICIOUS_MOVE = YES;
				CLANG_WARN_UNREACHABLE_CODE = YES;
				CLANG_WARN__DUPLICATE_METHOD_MATCH = YES;
				CONFIGURATION_BUILD_DIR = "$(BUILD_DIR)";
				DEPLOYMENT_LOCATION = YES;
				ENABLE_STRICT_OBJC_MSGSEND = YES;
				EXECUTABLE_EXTENSION = "";
				GCC_GENERATE_DEBUGGING_SYMBOLS = YES;
				GCC_NO_COMMON_BLOCKS = YES;
				GCC_OPTIMIZATION_LEVEL = "$(RELEASE_OPTIMIZE)";
				GCC_PRECOMPILE_PREFIX_HEADER = YES;
				GCC_PREFIX_HEADER = $IPLUG_PATH/IPlug_Prefix.pch;
				GCC_PREPROCESSOR_DEFINITIONS = "$(TRACER_DEFS)";
				GCC_PREPROCESSOR_DEFINITIONS_NOT_USED_IN_PRECOMPS = "$(COCOA_DEFS)";
				GCC_VERSION = "$(COMPILER)";
				GCC_WARN_64_TO_32_BIT_CONVERSION = YES;
				GCC_WARN_ABOUT_DEPRECATED_FUNCTIONS = NO;
				GCC_WARN_ABOUT_RETURN_TYPE = YES;
				GCC_WARN_UNDECLARED_SELECTOR = YES;
				GCC_WARN_UNINITIALIZED_AUTOS = YES;
				GCC_WARN_UNUSED_FUNCTION = YES;
				GCC_WARN_UNUSED_VARIABLE = YES;
				GENERATE_PKGINFO_FILE = YES;
				HEADER_SEARCH_PATHS = (
					"$(IPLUG_PATH)",
					"$(ADDITIONAL_INCLUDES)",
				);
				INFOPLIST_EXPAND_BUILD_SETTINGS = YES;
				INFOPLIST_PREPROCESS = NO;
				INSTALL_GROUP = admin;
				INSTALL_OWNER = root;
				INSTALL_PATH = /;
				LIBRARY_SEARCH_PATHS = "$(ADDITIONAL_LIBRARY_PATHS)";
				OTHER_CPLUSPLUSFLAGS = (
					"$(OTHER_CFLAGS)",
					"$(GCC_CFLAGS)",
				);
				PRECOMPS_INCLUDE_HEADERS_FROM_BUILT_PRODUCTS_DIR = NO;
				PRODUCT_NAME = "$(BINARY_NAME)";
				SDKROOT = "$(BASE_SDK)";
				SKIP_INSTALL = NO;
				SYMROOT = "build-mac";
				VALID_ARCHS = x86_64;
				WRAPPER_EXTENSION = "";
			};
			name = Tracer;
		};
/* End XCBuildConfiguration section */

/* Begin XCConfigurationList section */
		1DEB913E08733D840010E9CD /* Build configuration list for PBXProject "LedViewer" */ = {
			isa = XCConfigurationList;
			buildConfigurations = (
				1DEB913F08733D840010E9CD /* Debug */,
				1DEB914008733D840010E9CD /* Release */,
				528359A90D7F0C3A00577159 /* Tracer */,
			);
			defaultConfigurationIsVisible = 0;
			defaultConfigurationName = Release;
		};
		4F20EF2F132C69FE0030E34C /* Build configuration list for PBXNativeTarget "VST2" */ = {
			isa = XCConfigurationList;
			buildConfigurations = (
				4F20EF30132C69FE0030E34C /* Debug */,
				4F20EF31132C69FE0030E34C /* Release */,
				4F20EF32132C69FE0030E34C /* Tracer */,
			);
			defaultConfigurationIsVisible = 0;
			defaultConfigurationName = Release;
		};
		4F78DAFD13B643940032E0F3 /* Build configuration list for PBXAggregateTarget "All" */ = {
			isa = XCConfigurationList;
			buildConfigurations = (
				4F78DAF213B643610032E0F3 /* Debug */,
				4F78DAF313B643610032E0F3 /* Release */,
				4F78DAF413B643610032E0F3 /* Tracer */,
			);
			defaultConfigurationIsVisible = 0;
			defaultConfigurationName = Release;
		};
		4FD16A0F13B63082001D0217 /* Build configuration list for PBXNativeTarget "APP" */ = {
			isa = XCConfigurationList;
			buildConfigurations = (
				4FD16A0C13B63082001D0217 /* Debug */,
				4FD16A0D13B63082001D0217 /* Release */,
				4FD16A0E13B63082001D0217 /* Tracer */,
			);
			defaultConfigurationIsVisible = 0;
			defaultConfigurationName = Release;
		};
/* End XCConfigurationList section */
	};
	rootObject = 089C1669FE841209C02AAC07 /* Project object */;
}
